PODS:
  - Alamofire (4.7.2)
  - DZNEmptyDataSet (1.8.1)
  - HandyJSON (4.1.1)
  - Kingfisher (4.8.0)
  - MJRefresh (3.1.15.3)
  - QMUIKit (2.7.1):
    - QMUIKit/QMUIComponents (= 2.7.1)
    - QMUIKit/QMUICore (= 2.7.1)
    - QMUIKit/QMUIMainFrame (= 2.7.1)
    - QMUIKit/QMUIResources (= 2.7.1)
  - QMUIKit/QMUIComponents (2.7.1):
    - QMUIKit/QMUIComponents/NavigationBarTransition (= 2.7.1)
    - QMUIKit/QMUIComponents/QMUIAlertController (= 2.7.1)
    - QMUIKit/QMUIComponents/QMUIAssetLibrary (= 2.7.1)
    - QMUIKit/QMUIComponents/QMUIBadge (= 2.7.1)
    - QMUIKit/QMUIComponents/QMUIButton (= 2.7.1)
    - QMUIKit/QMUIComponents/QMUICellHeightCache (= 2.7.1)
    - QMUIKit/QMUIComponents/QMUICellHeightKeyCache (= 2.7.1)
    - QMUIKit/QMUIComponents/QMUICellSizeKeyCache (= 2.7.1)
    - QMUIKit/QMUIComponents/QMUICollectionViewPagingLayout (= 2.7.1)
    - QMUIKit/QMUIComponents/QMUIDialogViewController (= 2.7.1)
    - QMUIKit/QMUIComponents/QMUIEmotionInputManager (= 2.7.1)
    - QMUIKit/QMUIComponents/QMUIEmotionView (= 2.7.1)
    - QMUIKit/QMUIComponents/QMUIEmptyView (= 2.7.1)
    - QMUIKit/QMUIComponents/QMUIFillButton (= 2.7.1)
    - QMUIKit/QMUIComponents/QMUIFloatLayoutView (= 2.7.1)
    - QMUIKit/QMUIComponents/QMUIGhostButton (= 2.7.1)
    - QMUIKit/QMUIComponents/QMUIGridView (= 2.7.1)
    - QMUIKit/QMUIComponents/QMUIImagePickerLibrary (= 2.7.1)
    - QMUIKit/QMUIComponents/QMUIImagePreviewView (= 2.7.1)
    - QMUIKit/QMUIComponents/QMUIImagePreviewViewController (= 2.7.1)
    - QMUIKit/QMUIComponents/QMUIKeyboardManager (= 2.7.1)
    - QMUIKit/QMUIComponents/QMUILabel (= 2.7.1)
    - QMUIKit/QMUIComponents/QMUILinkButton (= 2.7.1)
    - QMUIKit/QMUIComponents/QMUILog (= 2.7.1)
    - QMUIKit/QMUIComponents/QMUILogManagerViewController (= 2.7.1)
    - QMUIKit/QMUIComponents/QMUIMarqueeLabel (= 2.7.1)
    - QMUIKit/QMUIComponents/QMUIModalPresentationViewController (= 2.7.1)
    - QMUIKit/QMUIComponents/QMUIMoreOperationController (= 2.7.1)
    - QMUIKit/QMUIComponents/QMUIMultipleDelegates (= 2.7.1)
    - QMUIKit/QMUIComponents/QMUINavigationButton (= 2.7.1)
    - QMUIKit/QMUIComponents/QMUINavigationTitleView (= 2.7.1)
    - QMUIKit/QMUIComponents/QMUIOrderedDictionary (= 2.7.1)
    - QMUIKit/QMUIComponents/QMUIPieProgressView (= 2.7.1)
    - QMUIKit/QMUIComponents/QMUIPopupContainerView (= 2.7.1)
    - QMUIKit/QMUIComponents/QMUIPopupMenuView (= 2.7.1)
    - QMUIKit/QMUIComponents/QMUISearchBar (= 2.7.1)
    - QMUIKit/QMUIComponents/QMUISearchController (= 2.7.1)
    - QMUIKit/QMUIComponents/QMUISegmentedControl (= 2.7.1)
    - QMUIKit/QMUIComponents/QMUISlider (= 2.7.1)
    - QMUIKit/QMUIComponents/QMUIStaticTableView (= 2.7.1)
    - QMUIKit/QMUIComponents/QMUITableView (= 2.7.1)
    - QMUIKit/QMUIComponents/QMUITableViewCell (= 2.7.1)
    - QMUIKit/QMUIComponents/QMUITableViewHeaderFooterView (= 2.7.1)
    - QMUIKit/QMUIComponents/QMUITableViewProtocols (= 2.7.1)
    - QMUIKit/QMUIComponents/QMUITestView (= 2.7.1)
    - QMUIKit/QMUIComponents/QMUITextField (= 2.7.1)
    - QMUIKit/QMUIComponents/QMUITextView (= 2.7.1)
    - QMUIKit/QMUIComponents/QMUITips (= 2.7.1)
    - QMUIKit/QMUIComponents/QMUIToastView (= 2.7.1)
    - QMUIKit/QMUIComponents/QMUIToolbarButton (= 2.7.1)
    - QMUIKit/QMUIComponents/QMUIZoomImageView (= 2.7.1)
    - QMUIKit/QMUICore
  - QMUIKit/QMUIComponents/NavigationBarTransition (2.7.1):
    - QMUIKit/QMUIComponents/QMUINavigationTitleView
    - QMUIKit/QMUICore
    - QMUIKit/QMUIMainFrame
  - QMUIKit/QMUIComponents/QMUIAlertController (2.7.1):
    - QMUIKit/QMUIComponents/QMUIButton
    - QMUIKit/QMUIComponents/QMUIModalPresentationViewController
    - QMUIKit/QMUIComponents/QMUITextField
    - QMUIKit/QMUICore
  - QMUIKit/QMUIComponents/QMUIAssetLibrary (2.7.1):
    - QMUIKit/QMUIComponents/QMUILog
    - QMUIKit/QMUICore
  - QMUIKit/QMUIComponents/QMUIBadge (2.7.1):
    - QMUIKit/QMUIComponents/QMUILabel
    - QMUIKit/QMUICore
  - QMUIKit/QMUIComponents/QMUIButton (2.7.1):
    - QMUIKit/QMUIComponents/QMUILog
    - QMUIKit/QMUICore
  - QMUIKit/QMUIComponents/QMUICellHeightCache (2.7.1):
    - QMUIKit/QMUIComponents/QMUITableViewProtocols
    - QMUIKit/QMUICore
  - QMUIKit/QMUIComponents/QMUICellHeightKeyCache (2.7.1):
    - QMUIKit/QMUIComponents/QMUITableViewProtocols
    - QMUIKit/QMUICore
  - QMUIKit/QMUIComponents/QMUICellSizeKeyCache (2.7.1):
    - QMUIKit/QMUICore
  - QMUIKit/QMUIComponents/QMUICollectionViewPagingLayout (2.7.1):
    - QMUIKit/QMUICore
  - QMUIKit/QMUIComponents/QMUIDialogViewController (2.7.1):
    - QMUIKit/QMUIComponents/QMUIButton
    - QMUIKit/QMUIComponents/QMUILabel
    - QMUIKit/QMUIComponents/QMUIModalPresentationViewController
    - QMUIKit/QMUIComponents/QMUINavigationTitleView
    - QMUIKit/QMUIComponents/QMUITableView
    - QMUIKit/QMUIComponents/QMUITableViewCell
    - QMUIKit/QMUIComponents/QMUITextField
    - QMUIKit/QMUICore
    - QMUIKit/QMUIMainFrame
  - QMUIKit/QMUIComponents/QMUIEmotionInputManager (2.7.1):
    - QMUIKit/QMUIComponents/QMUIEmotionView
    - QMUIKit/QMUICore
  - QMUIKit/QMUIComponents/QMUIEmotionView (2.7.1):
    - QMUIKit/QMUIComponents/QMUIButton
    - QMUIKit/QMUIComponents/QMUILog
    - QMUIKit/QMUICore
    - QMUIKit/QMUIResources
  - QMUIKit/QMUIComponents/QMUIEmptyView (2.7.1):
    - QMUIKit/QMUICore
  - QMUIKit/QMUIComponents/QMUIFillButton (2.7.1):
    - QMUIKit/QMUIComponents/QMUIButton
    - QMUIKit/QMUICore
  - QMUIKit/QMUIComponents/QMUIFloatLayoutView (2.7.1):
    - QMUIKit/QMUICore
  - QMUIKit/QMUIComponents/QMUIGhostButton (2.7.1):
    - QMUIKit/QMUIComponents/QMUIButton
    - QMUIKit/QMUICore
  - QMUIKit/QMUIComponents/QMUIGridView (2.7.1):
    - QMUIKit/QMUICore
  - QMUIKit/QMUIComponents/QMUIImagePickerLibrary (2.7.1):
    - QMUIKit/QMUIComponents/QMUIAlertController
    - QMUIKit/QMUIComponents/QMUIAssetLibrary
    - QMUIKit/QMUIComponents/QMUIButton
    - QMUIKit/QMUIComponents/QMUIEmptyView
    - QMUIKit/QMUIComponents/QMUIImagePreviewViewController
    - QMUIKit/QMUIComponents/QMUILog
    - QMUIKit/QMUIComponents/QMUINavigationButton
    - QMUIKit/QMUIComponents/QMUITableViewCell
    - QMUIKit/QMUIComponents/QMUIZoomImageView
    - QMUIKit/QMUICore
    - QMUIKit/QMUIMainFrame
    - QMUIKit/QMUIResources
  - QMUIKit/QMUIComponents/QMUIImagePreviewView (2.7.1):
    - QMUIKit/QMUIComponents/QMUIButton
    - QMUIKit/QMUIComponents/QMUICollectionViewPagingLayout
    - QMUIKit/QMUIComponents/QMUIEmptyView
    - QMUIKit/QMUIComponents/QMUILog
    - QMUIKit/QMUIComponents/QMUIPieProgressView
    - QMUIKit/QMUIComponents/QMUIZoomImageView
    - QMUIKit/QMUICore
  - QMUIKit/QMUIComponents/QMUIImagePreviewViewController (2.7.1):
    - QMUIKit/QMUIComponents/QMUIImagePreviewView
    - QMUIKit/QMUICore
    - QMUIKit/QMUIMainFrame
  - QMUIKit/QMUIComponents/QMUIKeyboardManager (2.7.1):
    - QMUIKit/QMUIComponents/QMUILog
    - QMUIKit/QMUICore
  - QMUIKit/QMUIComponents/QMUILabel (2.7.1):
    - QMUIKit/QMUICore
  - QMUIKit/QMUIComponents/QMUILinkButton (2.7.1):
    - QMUIKit/QMUIComponents/QMUIButton
    - QMUIKit/QMUICore
  - QMUIKit/QMUIComponents/QMUILog (2.7.1):
    - QMUIKit/QMUICore
  - QMUIKit/QMUIComponents/QMUILogManagerViewController (2.7.1):
    - QMUIKit/QMUIComponents/QMUIPopupMenuView
    - QMUIKit/QMUIComponents/QMUISearchController
    - QMUIKit/QMUIComponents/QMUIStaticTableView
    - QMUIKit/QMUIComponents/QMUITableView
    - QMUIKit/QMUICore
    - QMUIKit/QMUIMainFrame
  - QMUIKit/QMUIComponents/QMUIMarqueeLabel (2.7.1):
    - QMUIKit/QMUICore
  - QMUIKit/QMUIComponents/QMUIModalPresentationViewController (2.7.1):
    - QMUIKit/QMUIComponents/QMUIKeyboardManager
    - QMUIKit/QMUICore
  - QMUIKit/QMUIComponents/QMUIMoreOperationController (2.7.1):
    - QMUIKit/QMUIComponents/QMUIButton
    - QMUIKit/QMUIComponents/QMUILog
    - QMUIKit/QMUIComponents/QMUIModalPresentationViewController
    - QMUIKit/QMUICore
  - QMUIKit/QMUIComponents/QMUIMultipleDelegates (2.7.1):
    - QMUIKit/QMUICore
  - QMUIKit/QMUIComponents/QMUINavigationButton (2.7.1):
    - QMUIKit/QMUIComponents/QMUILog
    - QMUIKit/QMUICore
    - QMUIKit/QMUIMainFrame
  - QMUIKit/QMUIComponents/QMUINavigationTitleView (2.7.1):
    - QMUIKit/QMUIComponents/QMUIButton
    - QMUIKit/QMUICore
  - QMUIKit/QMUIComponents/QMUIOrderedDictionary (2.7.1):
    - QMUIKit/QMUICore
  - QMUIKit/QMUIComponents/QMUIPieProgressView (2.7.1):
    - QMUIKit/QMUICore
  - QMUIKit/QMUIComponents/QMUIPopupContainerView (2.7.1):
    - QMUIKit/QMUIComponents/QMUILog
    - QMUIKit/QMUICore
    - QMUIKit/QMUIMainFrame
  - QMUIKit/QMUIComponents/QMUIPopupMenuView (2.7.1):
    - QMUIKit/QMUIComponents/QMUIButton
    - QMUIKit/QMUIComponents/QMUIPopupContainerView
    - QMUIKit/QMUICore
  - QMUIKit/QMUIComponents/QMUISearchBar (2.7.1):
    - QMUIKit/QMUICore
  - QMUIKit/QMUIComponents/QMUISearchController (2.7.1):
    - QMUIKit/QMUIComponents/QMUIEmptyView
    - QMUIKit/QMUIComponents/QMUISearchBar
    - QMUIKit/QMUICore
    - QMUIKit/QMUIMainFrame
  - QMUIKit/QMUIComponents/QMUISegmentedControl (2.7.1):
    - QMUIKit/QMUICore
  - QMUIKit/QMUIComponents/QMUISlider (2.7.1):
    - QMUIKit/QMUICore
  - QMUIKit/QMUIComponents/QMUIStaticTableView (2.7.1):
    - QMUIKit/QMUIComponents/QMUILog
    - QMUIKit/QMUIComponents/QMUITableViewCell
    - QMUIKit/QMUICore
  - QMUIKit/QMUIComponents/QMUITableView (2.7.1):
    - QMUIKit/QMUIComponents/QMUITableViewProtocols
    - QMUIKit/QMUICore
  - QMUIKit/QMUIComponents/QMUITableViewCell (2.7.1):
    - QMUIKit/QMUIComponents/QMUIButton
    - QMUIKit/QMUICore
  - QMUIKit/QMUIComponents/QMUITableViewHeaderFooterView (2.7.1):
    - QMUIKit/QMUICore
  - QMUIKit/QMUIComponents/QMUITableViewProtocols (2.7.1):
    - QMUIKit/QMUICore
  - QMUIKit/QMUIComponents/QMUITestView (2.7.1):
    - QMUIKit/QMUIComponents/QMUILog
    - QMUIKit/QMUICore
  - QMUIKit/QMUIComponents/QMUITextField (2.7.1):
    - QMUIKit/QMUIComponents/QMUIMultipleDelegates
    - QMUIKit/QMUICore
  - QMUIKit/QMUIComponents/QMUITextView (2.7.1):
    - QMUIKit/QMUIComponents/QMUILabel
    - QMUIKit/QMUIComponents/QMUILog
    - QMUIKit/QMUIComponents/QMUIMultipleDelegates
    - QMUIKit/QMUICore
  - QMUIKit/QMUIComponents/QMUITips (2.7.1):
    - QMUIKit/QMUIComponents/QMUIToastView
    - QMUIKit/QMUICore
    - QMUIKit/QMUIResources
  - QMUIKit/QMUIComponents/QMUIToastView (2.7.1):
    - QMUIKit/QMUIComponents/QMUIKeyboardManager
    - QMUIKit/QMUICore
  - QMUIKit/QMUIComponents/QMUIToolbarButton (2.7.1):
    - QMUIKit/QMUICore
  - QMUIKit/QMUIComponents/QMUIZoomImageView (2.7.1):
    - QMUIKit/QMUIComponents/QMUIAssetLibrary
    - QMUIKit/QMUIComponents/QMUIButton
    - QMUIKit/QMUIComponents/QMUIEmptyView
    - QMUIKit/QMUIComponents/QMUIPieProgressView
    - QMUIKit/QMUIComponents/QMUISlider
    - QMUIKit/QMUICore
  - QMUIKit/QMUICore (2.7.1)
  - QMUIKit/QMUIMainFrame (2.7.1):
    - QMUIKit/QMUIComponents/QMUIEmptyView
    - QMUIKit/QMUIComponents/QMUIKeyboardManager
    - QMUIKit/QMUIComponents/QMUILog
    - QMUIKit/QMUIComponents/QMUIMultipleDelegates
    - QMUIKit/QMUIComponents/QMUINavigationTitleView
    - QMUIKit/QMUIComponents/QMUITableView
    - QMUIKit/QMUIComponents/QMUITableViewHeaderFooterView
    - QMUIKit/QMUICore
  - QMUIKit/QMUIResources (2.7.1)
  - Reachability (3.2)
  - SDCycleScrollView (1.75):
    - SDWebImage (>= 4.0.0)
  - SDWebImage (4.4.1):
    - SDWebImage/Core (= 4.4.1)
  - SDWebImage/Core (4.4.1)
  - SnapKit (4.0.0)
  - YYModel (1.0.4)

DEPENDENCIES:
  - Alamofire
  - DZNEmptyDataSet
  - HandyJSON (~> 4.1.1)
  - Kingfisher
  - MJRefresh
  - QMUIKit
  - Reachability
  - SDCycleScrollView
  - SnapKit
  - YYModel

SPEC REPOS:
  https://github.com/CocoaPods/Specs.git:
    - Alamofire
    - DZNEmptyDataSet
    - HandyJSON
    - Kingfisher
    - MJRefresh
    - QMUIKit
    - Reachability
    - SDCycleScrollView
    - SDWebImage
    - SnapKit
    - YYModel

SPEC CHECKSUMS:
  Alamofire: e4fa87002c137ba2d8d634d2c51fabcda0d5c223
  DZNEmptyDataSet: 9525833b9e68ac21c30253e1d3d7076cc828eaa7
  HandyJSON: 3a3de917c4118767ffe41c29b5acba23409649f4
  Kingfisher: 976d828df2b24834c6a3f2fc4d82cdbd26552be1
  MJRefresh: b48380ae2b927b46c4ef000de9adb8dc748e1df7
  QMUIKit: 9c9737c570c89aef3d3d163de4d5d9c8e5c49e99
  Reachability: 33e18b67625424e47b6cde6d202dce689ad7af96
  SDCycleScrollView: 884b88f0266dd4708a0e1934975c69cb971707b1
  SDWebImage: 47e9b5b925cbce75946c23f0c42dd19464189af4
  SnapKit: a42d492c16e80209130a3379f73596c3454b7694
  YYModel: 2a7fdd96aaa4b86a824e26d0c517de8928c04b30

PODFILE CHECKSUM: 001d12c508eff0c639b3d7bc557fc3177ac02000

COCOAPODS: 1.5.0
