// !$*UTF8*$!
{
	archiveVersion = 1;
	classes = {
	};
	objectVersion = 50;
	objects = {

/* Begin PBXBuildFile section */
		A0F5D20F212DA9D700A9643B /* RefreshUtil.swift in Sources */ = {isa = PBXBuildFile; fileRef = A0F5D1F4212DA9D700A9643B /* RefreshUtil.swift */; };
		A0F5D210212DA9D700A9643B /* ImageViewUtils.swift in Sources */ = {isa = PBXBuildFile; fileRef = A0F5D1F6212DA9D700A9643B /* ImageViewUtils.swift */; };
		A0F5D211212DA9D700A9643B /* JDXUIButtonUtil.swift in Sources */ = {isa = PBXBuildFile; fileRef = A0F5D1F7212DA9D700A9643B /* JDXUIButtonUtil.swift */; };
		A0F5D212212DA9D700A9643B /* UINavigationBar+Gradient.m in Sources */ = {isa = PBXBuildFile; fileRef = A0F5D1F8212DA9D700A9643B /* UINavigationBar+Gradient.m */; };
		A0F5D213212DA9D700A9643B /* YYWeakProxy.m in Sources */ = {isa = PBXBuildFile; fileRef = A0F5D1FA212DA9D700A9643B /* YYWeakProxy.m */; };
		A0F5D214212DA9D700A9643B /* YYFPSLabel.m in Sources */ = {isa = PBXBuildFile; fileRef = A0F5D1FC212DA9D700A9643B /* YYFPSLabel.m */; };
		A0F5D215212DA9D700A9643B /* JDXDefine.swift in Sources */ = {isa = PBXBuildFile; fileRef = A0F5D1FF212DA9D700A9643B /* JDXDefine.swift */; };
		A0F5D216212DA9D700A9643B /* JDXTableNetService.swift in Sources */ = {isa = PBXBuildFile; fileRef = A0F5D201212DA9D700A9643B /* JDXTableNetService.swift */; };
		A0F5D217212DA9D700A9643B /* JDXTableNetServiceProtocal.swift in Sources */ = {isa = PBXBuildFile; fileRef = A0F5D202212DA9D700A9643B /* JDXTableNetServiceProtocal.swift */; };
		A0F5D218212DA9D700A9643B /* JDXTableParseDataService.swift in Sources */ = {isa = PBXBuildFile; fileRef = A0F5D203212DA9D700A9643B /* JDXTableParseDataService.swift */; };
		A0F5D219212DA9D700A9643B /* JDXNetService.swift in Sources */ = {isa = PBXBuildFile; fileRef = A0F5D204212DA9D700A9643B /* JDXNetService.swift */; };
		A0F5D21A212DA9D700A9643B /* JDXApiDefine.swift in Sources */ = {isa = PBXBuildFile; fileRef = A0F5D205212DA9D700A9643B /* JDXApiDefine.swift */; };
		A0F5D21B212DA9D700A9643B /* JDXBaseModel.swift in Sources */ = {isa = PBXBuildFile; fileRef = A0F5D207212DA9D700A9643B /* JDXBaseModel.swift */; };
		A0F5D21C212DA9D700A9643B /* JDXTableDataManager.swift in Sources */ = {isa = PBXBuildFile; fileRef = A0F5D208212DA9D700A9643B /* JDXTableDataManager.swift */; };
		A0F5D21D212DA9D700A9643B /* JDXBaseViewController.swift in Sources */ = {isa = PBXBuildFile; fileRef = A0F5D209212DA9D700A9643B /* JDXBaseViewController.swift */; };
		A0F5D21E212DA9D700A9643B /* JDXBaseCollectionViewCell.swift in Sources */ = {isa = PBXBuildFile; fileRef = A0F5D20A212DA9D700A9643B /* JDXBaseCollectionViewCell.swift */; };
		A0F5D21F212DA9D700A9643B /* JDXBaseCollectionViewController.swift in Sources */ = {isa = PBXBuildFile; fileRef = A0F5D20B212DA9D700A9643B /* JDXBaseCollectionViewController.swift */; };
		A0F5D220212DA9D700A9643B /* JDXBaseView.swift in Sources */ = {isa = PBXBuildFile; fileRef = A0F5D20C212DA9D700A9643B /* JDXBaseView.swift */; };
		A0F5D221212DA9D700A9643B /* JDXBaseTableViewCell.swift in Sources */ = {isa = PBXBuildFile; fileRef = A0F5D20D212DA9D700A9643B /* JDXBaseTableViewCell.swift */; };
		A0F5D222212DA9D700A9643B /* JDXBaseTableViewController.swift in Sources */ = {isa = PBXBuildFile; fileRef = A0F5D20E212DA9D700A9643B /* JDXBaseTableViewController.swift */; };
		B362B5E6454E20540E729965 /* Pods_JDXShop.framework in Frameworks */ = {isa = PBXBuildFile; fileRef = B75DC5284D1ED29CEE545D20 /* Pods_JDXShop.framework */; };
		DE8A55702127C2BE004797D2 /* JDXHomePageProductCell.swift in Sources */ = {isa = PBXBuildFile; fileRef = DE8A556F2127C2BE004797D2 /* JDXHomePageProductCell.swift */; };
		DE8A5577212AC536004797D2 /* JDXLimitSaleView.swift in Sources */ = {isa = PBXBuildFile; fileRef = DE8A5576212AC535004797D2 /* JDXLimitSaleView.swift */; };
		DE8A5579212AC9F9004797D2 /* JDXKindMenuView.swift in Sources */ = {isa = PBXBuildFile; fileRef = DE8A5578212AC9F9004797D2 /* JDXKindMenuView.swift */; };
		DE8A557E212BBFAB004797D2 /* JDXBrandView.swift in Sources */ = {isa = PBXBuildFile; fileRef = DE8A557D212BBFAB004797D2 /* JDXBrandView.swift */; };
		DE8A5584212C0574004797D2 /* JDXProductDetailController.swift in Sources */ = {isa = PBXBuildFile; fileRef = DE8A5583212C0574004797D2 /* JDXProductDetailController.swift */; };
		DE8A558B212D06D1004797D2 /* JDXBaseTransitioning.swift in Sources */ = {isa = PBXBuildFile; fileRef = DE8A558A212D06D1004797D2 /* JDXBaseTransitioning.swift */; };
		DE8A558D212D0CED004797D2 /* JDXTabbarTransitioning.swift in Sources */ = {isa = PBXBuildFile; fileRef = DE8A558C212D0CED004797D2 /* JDXTabbarTransitioning.swift */; };
		DE9AF8942122AAF80062D172 /* JDXTabbarController.swift in Sources */ = {isa = PBXBuildFile; fileRef = DE9AF8932122AAF80062D172 /* JDXTabbarController.swift */; };
		DE9AF89A2122B0570062D172 /* JDXHomeViewController.swift in Sources */ = {isa = PBXBuildFile; fileRef = DE9AF8992122B0570062D172 /* JDXHomeViewController.swift */; };
		DE9AF89C2122B0660062D172 /* JDXCategoryViewController.swift in Sources */ = {isa = PBXBuildFile; fileRef = DE9AF89B2122B0660062D172 /* JDXCategoryViewController.swift */; };
		DE9AF89E2122B0730062D172 /* JDXMessageViewController.swift in Sources */ = {isa = PBXBuildFile; fileRef = DE9AF89D2122B0730062D172 /* JDXMessageViewController.swift */; };
		DE9AF8A02122B0820062D172 /* JDXShopViewController.swift in Sources */ = {isa = PBXBuildFile; fileRef = DE9AF89F2122B0820062D172 /* JDXShopViewController.swift */; };
		DE9AF8A22122B0910062D172 /* JDXProfileViewController.swift in Sources */ = {isa = PBXBuildFile; fileRef = DE9AF8A12122B0910062D172 /* JDXProfileViewController.swift */; };
		DE9AF8A52122B0F20062D172 /* JDXNavigationController.swift in Sources */ = {isa = PBXBuildFile; fileRef = DE9AF8A42122B0F20062D172 /* JDXNavigationController.swift */; };
		DE9AF8B72122CFBB0062D172 /* HomePageBannerView.swift in Sources */ = {isa = PBXBuildFile; fileRef = DE9AF8B62122CFBB0062D172 /* HomePageBannerView.swift */; };
		DE9AF8B92122D0640062D172 /* HomePageBanner.swift in Sources */ = {isa = PBXBuildFile; fileRef = DE9AF8B82122D0640062D172 /* HomePageBanner.swift */; };
		DE9AF8BE2125861B0062D172 /* JDXHomePageProductInfo.swift in Sources */ = {isa = PBXBuildFile; fileRef = DE9AF8BD2125861B0062D172 /* JDXHomePageProductInfo.swift */; };
		DE9EF4922122A4D500DAFCB1 /* AppDelegate.swift in Sources */ = {isa = PBXBuildFile; fileRef = DE9EF4912122A4D500DAFCB1 /* AppDelegate.swift */; };
		DE9EF4972122A4D500DAFCB1 /* Main.storyboard in Resources */ = {isa = PBXBuildFile; fileRef = DE9EF4952122A4D500DAFCB1 /* Main.storyboard */; };
		DE9EF4992122A4D600DAFCB1 /* Assets.xcassets in Resources */ = {isa = PBXBuildFile; fileRef = DE9EF4982122A4D600DAFCB1 /* Assets.xcassets */; };
		DE9EF49C2122A4D600DAFCB1 /* LaunchScreen.storyboard in Resources */ = {isa = PBXBuildFile; fileRef = DE9EF49A2122A4D600DAFCB1 /* LaunchScreen.storyboard */; };
/* End PBXBuildFile section */

/* Begin PBXFileReference section */
		05AECC6BB0545704A2E35E3B /* Pods-JDXShop.debug.xcconfig */ = {isa = PBXFileReference; includeInIndex = 1; lastKnownFileType = text.xcconfig; name = "Pods-JDXShop.debug.xcconfig"; path = "Pods/Target Support Files/Pods-JDXShop/Pods-JDXShop.debug.xcconfig"; sourceTree = "<group>"; };
		095CAC7B182E2BD7D9822E12 /* Pods-JDXShop.release.xcconfig */ = {isa = PBXFileReference; includeInIndex = 1; lastKnownFileType = text.xcconfig; name = "Pods-JDXShop.release.xcconfig"; path = "Pods/Target Support Files/Pods-JDXShop/Pods-JDXShop.release.xcconfig"; sourceTree = "<group>"; };
		A0F5D1F4212DA9D700A9643B /* RefreshUtil.swift */ = {isa = PBXFileReference; fileEncoding = 4; lastKnownFileType = sourcecode.swift; path = RefreshUtil.swift; sourceTree = "<group>"; };
		A0F5D1F5212DA9D700A9643B /* UINavigationBar+Gradient.h */ = {isa = PBXFileReference; fileEncoding = 4; lastKnownFileType = sourcecode.c.h; path = "UINavigationBar+Gradient.h"; sourceTree = "<group>"; };
		A0F5D1F6212DA9D700A9643B /* ImageViewUtils.swift */ = {isa = PBXFileReference; fileEncoding = 4; lastKnownFileType = sourcecode.swift; path = ImageViewUtils.swift; sourceTree = "<group>"; };
		A0F5D1F7212DA9D700A9643B /* JDXUIButtonUtil.swift */ = {isa = PBXFileReference; fileEncoding = 4; lastKnownFileType = sourcecode.swift; path = JDXUIButtonUtil.swift; sourceTree = "<group>"; };
		A0F5D1F8212DA9D700A9643B /* UINavigationBar+Gradient.m */ = {isa = PBXFileReference; fileEncoding = 4; lastKnownFileType = sourcecode.c.objc; path = "UINavigationBar+Gradient.m"; sourceTree = "<group>"; };
		A0F5D1FA212DA9D700A9643B /* YYWeakProxy.m */ = {isa = PBXFileReference; fileEncoding = 4; lastKnownFileType = sourcecode.c.objc; path = YYWeakProxy.m; sourceTree = "<group>"; };
		A0F5D1FB212DA9D700A9643B /* YYFPSLabel.h */ = {isa = PBXFileReference; fileEncoding = 4; lastKnownFileType = sourcecode.c.h; path = YYFPSLabel.h; sourceTree = "<group>"; };
		A0F5D1FC212DA9D700A9643B /* YYFPSLabel.m */ = {isa = PBXFileReference; fileEncoding = 4; lastKnownFileType = sourcecode.c.objc; path = YYFPSLabel.m; sourceTree = "<group>"; };
		A0F5D1FD212DA9D700A9643B /* YYWeakProxy.h */ = {isa = PBXFileReference; fileEncoding = 4; lastKnownFileType = sourcecode.c.h; path = YYWeakProxy.h; sourceTree = "<group>"; };
		A0F5D1FF212DA9D700A9643B /* JDXDefine.swift */ = {isa = PBXFileReference; fileEncoding = 4; lastKnownFileType = sourcecode.swift; path = JDXDefine.swift; sourceTree = "<group>"; };
		A0F5D201212DA9D700A9643B /* JDXTableNetService.swift */ = {isa = PBXFileReference; fileEncoding = 4; lastKnownFileType = sourcecode.swift; path = JDXTableNetService.swift; sourceTree = "<group>"; };
		A0F5D202212DA9D700A9643B /* JDXTableNetServiceProtocal.swift */ = {isa = PBXFileReference; fileEncoding = 4; lastKnownFileType = sourcecode.swift; path = JDXTableNetServiceProtocal.swift; sourceTree = "<group>"; };
		A0F5D203212DA9D700A9643B /* JDXTableParseDataService.swift */ = {isa = PBXFileReference; fileEncoding = 4; lastKnownFileType = sourcecode.swift; path = JDXTableParseDataService.swift; sourceTree = "<group>"; };
		A0F5D204212DA9D700A9643B /* JDXNetService.swift */ = {isa = PBXFileReference; fileEncoding = 4; lastKnownFileType = sourcecode.swift; path = JDXNetService.swift; sourceTree = "<group>"; };
		A0F5D205212DA9D700A9643B /* JDXApiDefine.swift */ = {isa = PBXFileReference; fileEncoding = 4; lastKnownFileType = sourcecode.swift; path = JDXApiDefine.swift; sourceTree = "<group>"; };
		A0F5D207212DA9D700A9643B /* JDXBaseModel.swift */ = {isa = PBXFileReference; fileEncoding = 4; lastKnownFileType = sourcecode.swift; path = JDXBaseModel.swift; sourceTree = "<group>"; };
		A0F5D208212DA9D700A9643B /* JDXTableDataManager.swift */ = {isa = PBXFileReference; fileEncoding = 4; lastKnownFileType = sourcecode.swift; path = JDXTableDataManager.swift; sourceTree = "<group>"; };
		A0F5D209212DA9D700A9643B /* JDXBaseViewController.swift */ = {isa = PBXFileReference; fileEncoding = 4; lastKnownFileType = sourcecode.swift; path = JDXBaseViewController.swift; sourceTree = "<group>"; };
		A0F5D20A212DA9D700A9643B /* JDXBaseCollectionViewCell.swift */ = {isa = PBXFileReference; fileEncoding = 4; lastKnownFileType = sourcecode.swift; path = JDXBaseCollectionViewCell.swift; sourceTree = "<group>"; };
		A0F5D20B212DA9D700A9643B /* JDXBaseCollectionViewController.swift */ = {isa = PBXFileReference; fileEncoding = 4; lastKnownFileType = sourcecode.swift; path = JDXBaseCollectionViewController.swift; sourceTree = "<group>"; };
		A0F5D20C212DA9D700A9643B /* JDXBaseView.swift */ = {isa = PBXFileReference; fileEncoding = 4; lastKnownFileType = sourcecode.swift; path = JDXBaseView.swift; sourceTree = "<group>"; };
		A0F5D20D212DA9D700A9643B /* JDXBaseTableViewCell.swift */ = {isa = PBXFileReference; fileEncoding = 4; lastKnownFileType = sourcecode.swift; path = JDXBaseTableViewCell.swift; sourceTree = "<group>"; };
		A0F5D20E212DA9D700A9643B /* JDXBaseTableViewController.swift */ = {isa = PBXFileReference; fileEncoding = 4; lastKnownFileType = sourcecode.swift; path = JDXBaseTableViewController.swift; sourceTree = "<group>"; };
		B75DC5284D1ED29CEE545D20 /* Pods_JDXShop.framework */ = {isa = PBXFileReference; explicitFileType = wrapper.framework; includeInIndex = 0; path = Pods_JDXShop.framework; sourceTree = BUILT_PRODUCTS_DIR; };
		DE8A556F2127C2BE004797D2 /* JDXHomePageProductCell.swift */ = {isa = PBXFileReference; lastKnownFileType = sourcecode.swift; path = JDXHomePageProductCell.swift; sourceTree = "<group>"; };
		DE8A5576212AC535004797D2 /* JDXLimitSaleView.swift */ = {isa = PBXFileReference; lastKnownFileType = sourcecode.swift; path = JDXLimitSaleView.swift; sourceTree = "<group>"; };
		DE8A5578212AC9F9004797D2 /* JDXKindMenuView.swift */ = {isa = PBXFileReference; lastKnownFileType = sourcecode.swift; path = JDXKindMenuView.swift; sourceTree = "<group>"; };
		DE8A557D212BBFAB004797D2 /* JDXBrandView.swift */ = {isa = PBXFileReference; lastKnownFileType = sourcecode.swift; path = JDXBrandView.swift; sourceTree = "<group>"; };
		DE8A5583212C0574004797D2 /* JDXProductDetailController.swift */ = {isa = PBXFileReference; lastKnownFileType = sourcecode.swift; path = JDXProductDetailController.swift; sourceTree = "<group>"; };
		DE8A558A212D06D1004797D2 /* JDXBaseTransitioning.swift */ = {isa = PBXFileReference; lastKnownFileType = sourcecode.swift; path = JDXBaseTransitioning.swift; sourceTree = "<group>"; };
		DE8A558C212D0CED004797D2 /* JDXTabbarTransitioning.swift */ = {isa = PBXFileReference; lastKnownFileType = sourcecode.swift; path = JDXTabbarTransitioning.swift; sourceTree = "<group>"; };
		DE9AF8932122AAF80062D172 /* JDXTabbarController.swift */ = {isa = PBXFileReference; lastKnownFileType = sourcecode.swift; path = JDXTabbarController.swift; sourceTree = "<group>"; };
		DE9AF8992122B0570062D172 /* JDXHomeViewController.swift */ = {isa = PBXFileReference; lastKnownFileType = sourcecode.swift; path = JDXHomeViewController.swift; sourceTree = "<group>"; };
		DE9AF89B2122B0660062D172 /* JDXCategoryViewController.swift */ = {isa = PBXFileReference; lastKnownFileType = sourcecode.swift; path = JDXCategoryViewController.swift; sourceTree = "<group>"; };
		DE9AF89D2122B0730062D172 /* JDXMessageViewController.swift */ = {isa = PBXFileReference; lastKnownFileType = sourcecode.swift; path = JDXMessageViewController.swift; sourceTree = "<group>"; };
		DE9AF89F2122B0820062D172 /* JDXShopViewController.swift */ = {isa = PBXFileReference; lastKnownFileType = sourcecode.swift; path = JDXShopViewController.swift; sourceTree = "<group>"; };
		DE9AF8A12122B0910062D172 /* JDXProfileViewController.swift */ = {isa = PBXFileReference; lastKnownFileType = sourcecode.swift; path = JDXProfileViewController.swift; sourceTree = "<group>"; };
		DE9AF8A42122B0F20062D172 /* JDXNavigationController.swift */ = {isa = PBXFileReference; lastKnownFileType = sourcecode.swift; path = JDXNavigationController.swift; sourceTree = "<group>"; };
		DE9AF8B62122CFBB0062D172 /* HomePageBannerView.swift */ = {isa = PBXFileReference; lastKnownFileType = sourcecode.swift; path = HomePageBannerView.swift; sourceTree = "<group>"; };
		DE9AF8B82122D0640062D172 /* HomePageBanner.swift */ = {isa = PBXFileReference; lastKnownFileType = sourcecode.swift; path = HomePageBanner.swift; sourceTree = "<group>"; };
		DE9AF8BD2125861B0062D172 /* JDXHomePageProductInfo.swift */ = {isa = PBXFileReference; lastKnownFileType = sourcecode.swift; path = JDXHomePageProductInfo.swift; sourceTree = "<group>"; };
		DE9EF48E2122A4D500DAFCB1 /* JDXShop.app */ = {isa = PBXFileReference; explicitFileType = wrapper.application; includeInIndex = 0; path = JDXShop.app; sourceTree = BUILT_PRODUCTS_DIR; };
		DE9EF4912122A4D500DAFCB1 /* AppDelegate.swift */ = {isa = PBXFileReference; lastKnownFileType = sourcecode.swift; path = AppDelegate.swift; sourceTree = "<group>"; };
		DE9EF4962122A4D500DAFCB1 /* Base */ = {isa = PBXFileReference; lastKnownFileType = file.storyboard; name = Base; path = Base.lproj/Main.storyboard; sourceTree = "<group>"; };
		DE9EF4982122A4D600DAFCB1 /* Assets.xcassets */ = {isa = PBXFileReference; lastKnownFileType = folder.assetcatalog; path = Assets.xcassets; sourceTree = "<group>"; };
		DE9EF49B2122A4D600DAFCB1 /* Base */ = {isa = PBXFileReference; lastKnownFileType = file.storyboard; name = Base; path = Base.lproj/LaunchScreen.storyboard; sourceTree = "<group>"; };
		DE9EF49D2122A4D600DAFCB1 /* Info.plist */ = {isa = PBXFileReference; lastKnownFileType = text.plist.xml; path = Info.plist; sourceTree = "<group>"; };
		DE9EF4A32122A8D900DAFCB1 /* JDXShop-Bridging-Header.h */ = {isa = PBXFileReference; lastKnownFileType = sourcecode.c.h; path = "JDXShop-Bridging-Header.h"; sourceTree = "<group>"; };
/* End PBXFileReference section */

/* Begin PBXFrameworksBuildPhase section */
		DE9EF48B2122A4D500DAFCB1 /* Frameworks */ = {
			isa = PBXFrameworksBuildPhase;
			buildActionMask = 2147483647;
			files = (
				B362B5E6454E20540E729965 /* Pods_JDXShop.framework in Frameworks */,
			);
			runOnlyForDeploymentPostprocessing = 0;
		};
/* End PBXFrameworksBuildPhase section */

/* Begin PBXGroup section */
		82F0E3FEF4A7079AEB81D517 /* Pods */ = {
			isa = PBXGroup;
			children = (
				05AECC6BB0545704A2E35E3B /* Pods-JDXShop.debug.xcconfig */,
				095CAC7B182E2BD7D9822E12 /* Pods-JDXShop.release.xcconfig */,
			);
			name = Pods;
			sourceTree = "<group>";
		};
		A0F5D1F2212DA9D700A9643B /* Core */ = {
			isa = PBXGroup;
			children = (
				A0F5D1F3212DA9D700A9643B /* Category */,
				A0F5D1F9212DA9D700A9643B /* YYFPSLabel */,
				A0F5D1FE212DA9D700A9643B /* Constant */,
				A0F5D200212DA9D700A9643B /* NetService */,
				A0F5D206212DA9D700A9643B /* Base */,
			);
			path = Core;
			sourceTree = "<group>";
		};
		A0F5D1F3212DA9D700A9643B /* Category */ = {
			isa = PBXGroup;
			children = (
				A0F5D1F4212DA9D700A9643B /* RefreshUtil.swift */,
				A0F5D1F5212DA9D700A9643B /* UINavigationBar+Gradient.h */,
				A0F5D1F6212DA9D700A9643B /* ImageViewUtils.swift */,
				A0F5D1F7212DA9D700A9643B /* JDXUIButtonUtil.swift */,
				A0F5D1F8212DA9D700A9643B /* UINavigationBar+Gradient.m */,
			);
			path = Category;
			sourceTree = "<group>";
		};
		A0F5D1F9212DA9D700A9643B /* YYFPSLabel */ = {
			isa = PBXGroup;
			children = (
				A0F5D1FA212DA9D700A9643B /* YYWeakProxy.m */,
				A0F5D1FB212DA9D700A9643B /* YYFPSLabel.h */,
				A0F5D1FC212DA9D700A9643B /* YYFPSLabel.m */,
				A0F5D1FD212DA9D700A9643B /* YYWeakProxy.h */,
			);
			path = YYFPSLabel;
			sourceTree = "<group>";
		};
		A0F5D1FE212DA9D700A9643B /* Constant */ = {
			isa = PBXGroup;
			children = (
				A0F5D1FF212DA9D700A9643B /* JDXDefine.swift */,
			);
			path = Constant;
			sourceTree = "<group>";
		};
		A0F5D200212DA9D700A9643B /* NetService */ = {
			isa = PBXGroup;
			children = (
				A0F5D201212DA9D700A9643B /* JDXTableNetService.swift */,
				A0F5D202212DA9D700A9643B /* JDXTableNetServiceProtocal.swift */,
				A0F5D203212DA9D700A9643B /* JDXTableParseDataService.swift */,
				A0F5D204212DA9D700A9643B /* JDXNetService.swift */,
				A0F5D205212DA9D700A9643B /* JDXApiDefine.swift */,
			);
			path = NetService;
			sourceTree = "<group>";
		};
		A0F5D206212DA9D700A9643B /* Base */ = {
			isa = PBXGroup;
			children = (
				A0F5D207212DA9D700A9643B /* JDXBaseModel.swift */,
				A0F5D208212DA9D700A9643B /* JDXTableDataManager.swift */,
				A0F5D209212DA9D700A9643B /* JDXBaseViewController.swift */,
				A0F5D20A212DA9D700A9643B /* JDXBaseCollectionViewCell.swift */,
				A0F5D20B212DA9D700A9643B /* JDXBaseCollectionViewController.swift */,
				A0F5D20C212DA9D700A9643B /* JDXBaseView.swift */,
				A0F5D20D212DA9D700A9643B /* JDXBaseTableViewCell.swift */,
				A0F5D20E212DA9D700A9643B /* JDXBaseTableViewController.swift */,
			);
			path = Base;
			sourceTree = "<group>";
		};
		DE8A5589212D0623004797D2 /* TransitioningAnimation */ = {
			isa = PBXGroup;
			children = (
				DE8A558A212D06D1004797D2 /* JDXBaseTransitioning.swift */,
				DE8A558C212D0CED004797D2 /* JDXTabbarTransitioning.swift */,
			);
			path = TransitioningAnimation;
			sourceTree = "<group>";
		};
		DE9AF8902122AA740062D172 /* Class */ = {
			isa = PBXGroup;
			children = (
				DE8A5589212D0623004797D2 /* TransitioningAnimation */,
				DE9AF8A32122B0CE0062D172 /* Navigationtroller */,
				DE9AF8982122B02D0062D172 /* Me */,
				DE9AF8972122B0160062D172 /* Shop */,
				DE9AF8962122B00A0062D172 /* Message */,
				DE9AF8952122B0030062D172 /* Category */,
				DE9AF8922122AAAC0062D172 /* TabbarController */,
				DE9AF8912122AA8F0062D172 /* Home */,
			);
			path = Class;
			sourceTree = "<group>";
		};
		DE9AF8912122AA8F0062D172 /* Home */ = {
			isa = PBXGroup;
			children = (
				DE9AF8AD2122C6490062D172 /* Controller */,
				DE9AF8AC2122C6440062D172 /* View */,
				DE9AF8AB2122C6390062D172 /* Model */,
			);
			path = Home;
			sourceTree = "<group>";
		};
		DE9AF8922122AAAC0062D172 /* TabbarController */ = {
			isa = PBXGroup;
			children = (
				DE9AF8932122AAF80062D172 /* JDXTabbarController.swift */,
			);
			path = TabbarController;
			sourceTree = "<group>";
		};
		DE9AF8952122B0030062D172 /* Category */ = {
			isa = PBXGroup;
			children = (
				DE9AF89B2122B0660062D172 /* JDXCategoryViewController.swift */,
			);
			path = Category;
			sourceTree = "<group>";
		};
		DE9AF8962122B00A0062D172 /* Message */ = {
			isa = PBXGroup;
			children = (
				DE9AF89D2122B0730062D172 /* JDXMessageViewController.swift */,
			);
			path = Message;
			sourceTree = "<group>";
		};
		DE9AF8972122B0160062D172 /* Shop */ = {
			isa = PBXGroup;
			children = (
				DE9AF89F2122B0820062D172 /* JDXShopViewController.swift */,
			);
			path = Shop;
			sourceTree = "<group>";
		};
		DE9AF8982122B02D0062D172 /* Me */ = {
			isa = PBXGroup;
			children = (
				DE9AF8A12122B0910062D172 /* JDXProfileViewController.swift */,
			);
			path = Me;
			sourceTree = "<group>";
		};
		DE9AF8A32122B0CE0062D172 /* Navigationtroller */ = {
			isa = PBXGroup;
			children = (
				DE9AF8A42122B0F20062D172 /* JDXNavigationController.swift */,
			);
			path = Navigationtroller;
			sourceTree = "<group>";
		};
		DE9AF8AB2122C6390062D172 /* Model */ = {
			isa = PBXGroup;
			children = (
				DE9AF8B82122D0640062D172 /* HomePageBanner.swift */,
				DE9AF8BD2125861B0062D172 /* JDXHomePageProductInfo.swift */,
			);
			path = Model;
			sourceTree = "<group>";
		};
		DE9AF8AC2122C6440062D172 /* View */ = {
			isa = PBXGroup;
			children = (
				DE9AF8B62122CFBB0062D172 /* HomePageBannerView.swift */,
				DE8A556F2127C2BE004797D2 /* JDXHomePageProductCell.swift */,
				DE8A5576212AC535004797D2 /* JDXLimitSaleView.swift */,
				DE8A5578212AC9F9004797D2 /* JDXKindMenuView.swift */,
				DE8A557D212BBFAB004797D2 /* JDXBrandView.swift */,
			);
			path = View;
			sourceTree = "<group>";
		};
		DE9AF8AD2122C6490062D172 /* Controller */ = {
			isa = PBXGroup;
			children = (
				DE9AF8992122B0570062D172 /* JDXHomeViewController.swift */,
				DE8A5583212C0574004797D2 /* JDXProductDetailController.swift */,
			);
			path = Controller;
			sourceTree = "<group>";
		};
		DE9EF4852122A4D500DAFCB1 = {
			isa = PBXGroup;
			children = (
				DE9EF4902122A4D500DAFCB1 /* JDXShop */,
				DE9EF48F2122A4D500DAFCB1 /* Products */,
				82F0E3FEF4A7079AEB81D517 /* Pods */,
				F1C2DB8ADC7CE98799DB2007 /* Frameworks */,
			);
			sourceTree = "<group>";
		};
		DE9EF48F2122A4D500DAFCB1 /* Products */ = {
			isa = PBXGroup;
			children = (
				DE9EF48E2122A4D500DAFCB1 /* JDXShop.app */,
			);
			name = Products;
			sourceTree = "<group>";
		};
		DE9EF4902122A4D500DAFCB1 /* JDXShop */ = {
			isa = PBXGroup;
			children = (
				A0F5D1F2212DA9D700A9643B /* Core */,
				DE9AF8902122AA740062D172 /* Class */,
				DE9EF4912122A4D500DAFCB1 /* AppDelegate.swift */,
				DE9EF4952122A4D500DAFCB1 /* Main.storyboard */,
				DE9EF4982122A4D600DAFCB1 /* Assets.xcassets */,
				DE9EF49A2122A4D600DAFCB1 /* LaunchScreen.storyboard */,
				DE9EF49D2122A4D600DAFCB1 /* Info.plist */,
				DE9EF4A32122A8D900DAFCB1 /* JDXShop-Bridging-Header.h */,
			);
			path = JDXShop;
			sourceTree = "<group>";
		};
		F1C2DB8ADC7CE98799DB2007 /* Frameworks */ = {
			isa = PBXGroup;
			children = (
				B75DC5284D1ED29CEE545D20 /* Pods_JDXShop.framework */,
			);
			name = Frameworks;
			sourceTree = "<group>";
		};
/* End PBXGroup section */

/* Begin PBXNativeTarget section */
		DE9EF48D2122A4D500DAFCB1 /* JDXShop */ = {
			isa = PBXNativeTarget;
			buildConfigurationList = DE9EF4A02122A4D600DAFCB1 /* Build configuration list for PBXNativeTarget "JDXShop" */;
			buildPhases = (
				6C0C3192615FA57283F9BA50 /* [CP] Check Pods Manifest.lock */,
				DE9EF48A2122A4D500DAFCB1 /* Sources */,
				DE9EF48B2122A4D500DAFCB1 /* Frameworks */,
				DE9EF48C2122A4D500DAFCB1 /* Resources */,
				CA4803361A1B00D855ECC2E0 /* [CP] Embed Pods Frameworks */,
			);
			buildRules = (
			);
			dependencies = (
			);
			name = JDXShop;
			productName = JDXShop;
			productReference = DE9EF48E2122A4D500DAFCB1 /* JDXShop.app */;
			productType = "com.apple.product-type.application";
		};
/* End PBXNativeTarget section */

/* Begin PBXProject section */
		DE9EF4862122A4D500DAFCB1 /* Project object */ = {
			isa = PBXProject;
			attributes = {
				LastSwiftUpdateCheck = 0940;
				LastUpgradeCheck = 0940;
				ORGANIZATIONNAME = 3;
				TargetAttributes = {
					DE9EF48D2122A4D500DAFCB1 = {
						CreatedOnToolsVersion = 9.4.1;
						LastSwiftMigration = 0940;
					};
				};
			};
			buildConfigurationList = DE9EF4892122A4D500DAFCB1 /* Build configuration list for PBXProject "JDXShop" */;
			compatibilityVersion = "Xcode 9.3";
			developmentRegion = en;
			hasScannedForEncodings = 0;
			knownRegions = (
				en,
				Base,
			);
			mainGroup = DE9EF4852122A4D500DAFCB1;
			productRefGroup = DE9EF48F2122A4D500DAFCB1 /* Products */;
			projectDirPath = "";
			projectRoot = "";
			targets = (
				DE9EF48D2122A4D500DAFCB1 /* JDXShop */,
			);
		};
/* End PBXProject section */

/* Begin PBXResourcesBuildPhase section */
		DE9EF48C2122A4D500DAFCB1 /* Resources */ = {
			isa = PBXResourcesBuildPhase;
			buildActionMask = 2147483647;
			files = (
				DE9EF49C2122A4D600DAFCB1 /* LaunchScreen.storyboard in Resources */,
				DE9EF4992122A4D600DAFCB1 /* Assets.xcassets in Resources */,
				DE9EF4972122A4D500DAFCB1 /* Main.storyboard in Resources */,
			);
			runOnlyForDeploymentPostprocessing = 0;
		};
/* End PBXResourcesBuildPhase section */

/* Begin PBXShellScriptBuildPhase section */
		6C0C3192615FA57283F9BA50 /* [CP] Check Pods Manifest.lock */ = {
			isa = PBXShellScriptBuildPhase;
			buildActionMask = 2147483647;
			files = (
			);
			inputPaths = (
				"${PODS_PODFILE_DIR_PATH}/Podfile.lock",
				"${PODS_ROOT}/Manifest.lock",
			);
			name = "[CP] Check Pods Manifest.lock";
			outputPaths = (
				"$(DERIVED_FILE_DIR)/Pods-JDXShop-checkManifestLockResult.txt",
			);
			runOnlyForDeploymentPostprocessing = 0;
			shellPath = /bin/sh;
			shellScript = "diff \"${PODS_PODFILE_DIR_PATH}/Podfile.lock\" \"${PODS_ROOT}/Manifest.lock\" > /dev/null\nif [ $? != 0 ] ; then\n    # print error to STDERR\n    echo \"error: The sandbox is not in sync with the Podfile.lock. Run 'pod install' or update your CocoaPods installation.\" >&2\n    exit 1\nfi\n# This output is used by Xcode 'outputs' to avoid re-running this script phase.\necho \"SUCCESS\" > \"${SCRIPT_OUTPUT_FILE_0}\"\n";
			showEnvVarsInLog = 0;
		};
		CA4803361A1B00D855ECC2E0 /* [CP] Embed Pods Frameworks */ = {
			isa = PBXShellScriptBuildPhase;
			buildActionMask = 2147483647;
			files = (
			);
			inputPaths = (
				"${SRCROOT}/Pods/Target Support Files/Pods-JDXShop/Pods-JDXShop-frameworks.sh",
				"${BUILT_PRODUCTS_DIR}/Alamofire/Alamofire.framework",
				"${BUILT_PRODUCTS_DIR}/DZNEmptyDataSet/DZNEmptyDataSet.framework",
				"${BUILT_PRODUCTS_DIR}/HandyJSON/HandyJSON.framework",
				"${BUILT_PRODUCTS_DIR}/Kingfisher/Kingfisher.framework",
				"${BUILT_PRODUCTS_DIR}/MJRefresh/MJRefresh.framework",
				"${BUILT_PRODUCTS_DIR}/QMUIKit/QMUIKit.framework",
				"${BUILT_PRODUCTS_DIR}/SDCycleScrollView/SDCycleScrollView.framework",
				"${BUILT_PRODUCTS_DIR}/SDWebImage/SDWebImage.framework",
				"${BUILT_PRODUCTS_DIR}/SnapKit/SnapKit.framework",
			);
			name = "[CP] Embed Pods Frameworks";
			outputPaths = (
				"${TARGET_BUILD_DIR}/${FRAMEWORKS_FOLDER_PATH}/Alamofire.framework",
				"${TARGET_BUILD_DIR}/${FRAMEWORKS_FOLDER_PATH}/DZNEmptyDataSet.framework",
				"${TARGET_BUILD_DIR}/${FRAMEWORKS_FOLDER_PATH}/HandyJSON.framework",
				"${TARGET_BUILD_DIR}/${FRAMEWORKS_FOLDER_PATH}/Kingfisher.framework",
				"${TARGET_BUILD_DIR}/${FRAMEWORKS_FOLDER_PATH}/MJRefresh.framework",
				"${TARGET_BUILD_DIR}/${FRAMEWORKS_FOLDER_PATH}/QMUIKit.framework",
				"${TARGET_BUILD_DIR}/${FRAMEWORKS_FOLDER_PATH}/SDCycleScrollView.framework",
				"${TARGET_BUILD_DIR}/${FRAMEWORKS_FOLDER_PATH}/SDWebImage.framework",
				"${TARGET_BUILD_DIR}/${FRAMEWORKS_FOLDER_PATH}/SnapKit.framework",
			);
			runOnlyForDeploymentPostprocessing = 0;
			shellPath = /bin/sh;
			shellScript = "\"${SRCROOT}/Pods/Target Support Files/Pods-JDXShop/Pods-JDXShop-frameworks.sh\"\n";
			showEnvVarsInLog = 0;
		};
/* End PBXShellScriptBuildPhase section */

/* Begin PBXSourcesBuildPhase section */
		DE9EF48A2122A4D500DAFCB1 /* Sources */ = {
			isa = PBXSourcesBuildPhase;
			buildActionMask = 2147483647;
			files = (
				A0F5D220212DA9D700A9643B /* JDXBaseView.swift in Sources */,
				A0F5D21B212DA9D700A9643B /* JDXBaseModel.swift in Sources */,
				A0F5D211212DA9D700A9643B /* JDXUIButtonUtil.swift in Sources */,
				A0F5D216212DA9D700A9643B /* JDXTableNetService.swift in Sources */,
				A0F5D219212DA9D700A9643B /* JDXNetService.swift in Sources */,
				DE9AF89A2122B0570062D172 /* JDXHomeViewController.swift in Sources */,
				DE8A557E212BBFAB004797D2 /* JDXBrandView.swift in Sources */,
				A0F5D210212DA9D700A9643B /* ImageViewUtils.swift in Sources */,
				A0F5D218212DA9D700A9643B /* JDXTableParseDataService.swift in Sources */,
				A0F5D213212DA9D700A9643B /* YYWeakProxy.m in Sources */,
				DE8A55702127C2BE004797D2 /* JDXHomePageProductCell.swift in Sources */,
				DE9AF8A02122B0820062D172 /* JDXShopViewController.swift in Sources */,
				DE9AF8B92122D0640062D172 /* HomePageBanner.swift in Sources */,
				A0F5D21D212DA9D700A9643B /* JDXBaseViewController.swift in Sources */,
				DE9AF89C2122B0660062D172 /* JDXCategoryViewController.swift in Sources */,
				A0F5D21F212DA9D700A9643B /* JDXBaseCollectionViewController.swift in Sources */,
				DE9AF8B72122CFBB0062D172 /* HomePageBannerView.swift in Sources */,
				DE9EF4922122A4D500DAFCB1 /* AppDelegate.swift in Sources */,
				A0F5D21A212DA9D700A9643B /* JDXApiDefine.swift in Sources */,
				DE9AF8942122AAF80062D172 /* JDXTabbarController.swift in Sources */,
				DE8A5584212C0574004797D2 /* JDXProductDetailController.swift in Sources */,
				DE8A5579212AC9F9004797D2 /* JDXKindMenuView.swift in Sources */,
				DE9AF8BE2125861B0062D172 /* JDXHomePageProductInfo.swift in Sources */,
				DE9AF89E2122B0730062D172 /* JDXMessageViewController.swift in Sources */,
				DE9AF8A52122B0F20062D172 /* JDXNavigationController.swift in Sources */,
				DE8A5577212AC536004797D2 /* JDXLimitSaleView.swift in Sources */,
				A0F5D21C212DA9D700A9643B /* JDXTableDataManager.swift in Sources */,
				A0F5D214212DA9D700A9643B /* YYFPSLabel.m in Sources */,
				A0F5D21E212DA9D700A9643B /* JDXBaseCollectionViewCell.swift in Sources */,
				DE9AF8A22122B0910062D172 /* JDXProfileViewController.swift in Sources */,
				A0F5D221212DA9D700A9643B /* JDXBaseTableViewCell.swift in Sources */,
				A0F5D215212DA9D700A9643B /* JDXDefine.swift in Sources */,
				DE8A558D212D0CED004797D2 /* JDXTabbarTransitioning.swift in Sources */,
				A0F5D212212DA9D700A9643B /* UINavigationBar+Gradient.m in Sources */,
				A0F5D222212DA9D700A9643B /* JDXBaseTableViewController.swift in Sources */,
				A0F5D20F212DA9D700A9643B /* RefreshUtil.swift in Sources */,
				DE8A558B212D06D1004797D2 /* JDXBaseTransitioning.swift in Sources */,
				A0F5D217212DA9D700A9643B /* JDXTableNetServiceProtocal.swift in Sources */,
			);
			runOnlyForDeploymentPostprocessing = 0;
		};
/* End PBXSourcesBuildPhase section */

/* Begin PBXVariantGroup section */
		DE9EF4952122A4D500DAFCB1 /* Main.storyboard */ = {
			isa = PBXVariantGroup;
			children = (
				DE9EF4962122A4D500DAFCB1 /* Base */,
			);
			name = Main.storyboard;
			sourceTree = "<group>";
		};
		DE9EF49A2122A4D600DAFCB1 /* LaunchScreen.storyboard */ = {
			isa = PBXVariantGroup;
			children = (
				DE9EF49B2122A4D600DAFCB1 /* Base */,
			);
			name = LaunchScreen.storyboard;
			sourceTree = "<group>";
		};
/* End PBXVariantGroup section */

/* Begin XCBuildConfiguration section */
		DE9EF49E2122A4D600DAFCB1 /* Debug */ = {
			isa = XCBuildConfiguration;
			buildSettings = {
				ALWAYS_SEARCH_USER_PATHS = NO;
				CLANG_ANALYZER_NONNULL = YES;
				CLANG_ANALYZER_NUMBER_OBJECT_CONVERSION = YES_AGGRESSIVE;
				CLANG_CXX_LANGUAGE_STANDARD = "gnu++14";
				CLANG_CXX_LIBRARY = "libc++";
				CLANG_ENABLE_MODULES = YES;
				CLANG_ENABLE_OBJC_ARC = YES;
				CLANG_ENABLE_OBJC_WEAK = YES;
				CLANG_WARN_BLOCK_CAPTURE_AUTORELEASING = YES;
				CLANG_WARN_BOOL_CONVERSION = YES;
				CLANG_WARN_COMMA = YES;
				CLANG_WARN_CONSTANT_CONVERSION = YES;
				CLANG_WARN_DEPRECATED_OBJC_IMPLEMENTATIONS = YES;
				CLANG_WARN_DIRECT_OBJC_ISA_USAGE = YES_ERROR;
				CLANG_WARN_DOCUMENTATION_COMMENTS = YES;
				CLANG_WARN_EMPTY_BODY = YES;
				CLANG_WARN_ENUM_CONVERSION = YES;
				CLANG_WARN_INFINITE_RECURSION = YES;
				CLANG_WARN_INT_CONVERSION = YES;
				CLANG_WARN_NON_LITERAL_NULL_CONVERSION = YES;
				CLANG_WARN_OBJC_IMPLICIT_RETAIN_SELF = YES;
				CLANG_WARN_OBJC_LITERAL_CONVERSION = YES;
				CLANG_WARN_OBJC_ROOT_CLASS = YES_ERROR;
				CLANG_WARN_RANGE_LOOP_ANALYSIS = YES;
				CLANG_WARN_STRICT_PROTOTYPES = YES;
				CLANG_WARN_SUSPICIOUS_MOVE = YES;
				CLANG_WARN_UNGUARDED_AVAILABILITY = YES_AGGRESSIVE;
				CLANG_WARN_UNREACHABLE_CODE = YES;
				CLANG_WARN__DUPLICATE_METHOD_MATCH = YES;
				CODE_SIGN_IDENTITY = "iPhone Developer";
				COPY_PHASE_STRIP = NO;
				DEBUG_INFORMATION_FORMAT = dwarf;
				ENABLE_STRICT_OBJC_MSGSEND = YES;
				ENABLE_TESTABILITY = YES;
				GCC_C_LANGUAGE_STANDARD = gnu11;
				GCC_DYNAMIC_NO_PIC = NO;
				GCC_NO_COMMON_BLOCKS = YES;
				GCC_OPTIMIZATION_LEVEL = 0;
				GCC_PREPROCESSOR_DEFINITIONS = (
					"DEBUG=1",
					"$(inherited)",
				);
				GCC_WARN_64_TO_32_BIT_CONVERSION = YES;
				GCC_WARN_ABOUT_RETURN_TYPE = YES_ERROR;
				GCC_WARN_UNDECLARED_SELECTOR = YES;
				GCC_WARN_UNINITIALIZED_AUTOS = YES_AGGRESSIVE;
				GCC_WARN_UNUSED_FUNCTION = YES;
				GCC_WARN_UNUSED_VARIABLE = YES;
				IPHONEOS_DEPLOYMENT_TARGET = 11.4;
				MTL_ENABLE_DEBUG_INFO = YES;
				ONLY_ACTIVE_ARCH = YES;
				SDKROOT = iphoneos;
				SWIFT_ACTIVE_COMPILATION_CONDITIONS = DEBUG;
				SWIFT_OPTIMIZATION_LEVEL = "-Onone";
			};
			name = Debug;
		};
		DE9EF49F2122A4D600DAFCB1 /* Release */ = {
			isa = XCBuildConfiguration;
			buildSettings = {
				ALWAYS_SEARCH_USER_PATHS = NO;
				CLANG_ANALYZER_NONNULL = YES;
				CLANG_ANALYZER_NUMBER_OBJECT_CONVERSION = YES_AGGRESSIVE;
				CLANG_CXX_LANGUAGE_STANDARD = "gnu++14";
				CLANG_CXX_LIBRARY = "libc++";
				CLANG_ENABLE_MODULES = YES;
				CLANG_ENABLE_OBJC_ARC = YES;
				CLANG_ENABLE_OBJC_WEAK = YES;
				CLANG_WARN_BLOCK_CAPTURE_AUTORELEASING = YES;
				CLANG_WARN_BOOL_CONVERSION = YES;
				CLANG_WARN_COMMA = YES;
				CLANG_WARN_CONSTANT_CONVERSION = YES;
				CLANG_WARN_DEPRECATED_OBJC_IMPLEMENTATIONS = YES;
				CLANG_WARN_DIRECT_OBJC_ISA_USAGE = YES_ERROR;
				CLANG_WARN_DOCUMENTATION_COMMENTS = YES;
				CLANG_WARN_EMPTY_BODY = YES;
				CLANG_WARN_ENUM_CONVERSION = YES;
				CLANG_WARN_INFINITE_RECURSION = YES;
				CLANG_WARN_INT_CONVERSION = YES;
				CLANG_WARN_NON_LITERAL_NULL_CONVERSION = YES;
				CLANG_WARN_OBJC_IMPLICIT_RETAIN_SELF = YES;
				CLANG_WARN_OBJC_LITERAL_CONVERSION = YES;
				CLANG_WARN_OBJC_ROOT_CLASS = YES_ERROR;
				CLANG_WARN_RANGE_LOOP_ANALYSIS = YES;
				CLANG_WARN_STRICT_PROTOTYPES = YES;
				CLANG_WARN_SUSPICIOUS_MOVE = YES;
				CLANG_WARN_UNGUARDED_AVAILABILITY = YES_AGGRESSIVE;
				CLANG_WARN_UNREACHABLE_CODE = YES;
				CLANG_WARN__DUPLICATE_METHOD_MATCH = YES;
				CODE_SIGN_IDENTITY = "iPhone Developer";
				COPY_PHASE_STRIP = NO;
				DEBUG_INFORMATION_FORMAT = "dwarf-with-dsym";
				ENABLE_NS_ASSERTIONS = NO;
				ENABLE_STRICT_OBJC_MSGSEND = YES;
				GCC_C_LANGUAGE_STANDARD = gnu11;
				GCC_NO_COMMON_BLOCKS = YES;
				GCC_WARN_64_TO_32_BIT_CONVERSION = YES;
				GCC_WARN_ABOUT_RETURN_TYPE = YES_ERROR;
				GCC_WARN_UNDECLARED_SELECTOR = YES;
				GCC_WARN_UNINITIALIZED_AUTOS = YES_AGGRESSIVE;
				GCC_WARN_UNUSED_FUNCTION = YES;
				GCC_WARN_UNUSED_VARIABLE = YES;
				IPHONEOS_DEPLOYMENT_TARGET = 11.4;
				MTL_ENABLE_DEBUG_INFO = NO;
				SDKROOT = iphoneos;
				SWIFT_COMPILATION_MODE = wholemodule;
				SWIFT_OPTIMIZATION_LEVEL = "-O";
				VALIDATE_PRODUCT = YES;
			};
			name = Release;
		};
		DE9EF4A12122A4D600DAFCB1 /* Debug */ = {
			isa = XCBuildConfiguration;
			baseConfigurationReference = 05AECC6BB0545704A2E35E3B /* Pods-JDXShop.debug.xcconfig */;
			buildSettings = {
				ASSETCATALOG_COMPILER_APPICON_NAME = AppIcon;
				CLANG_ENABLE_MODULES = YES;
				CODE_SIGN_STYLE = Automatic;
				DEVELOPMENT_TEAM = W2VWN2H4Z2;
				INFOPLIST_FILE = JDXShop/Info.plist;
				IPHONEOS_DEPLOYMENT_TARGET = 8.0;
				LD_RUNPATH_SEARCH_PATHS = (
					"$(inherited)",
					"@executable_path/Frameworks",
				);
				PRODUCT_BUNDLE_IDENTIFIER = com.jdxonlineshop;
				PRODUCT_NAME = "$(TARGET_NAME)";
				SWIFT_OBJC_BRIDGING_HEADER = "JDXShop/JDXShop-Bridging-Header.h";
				SWIFT_OPTIMIZATION_LEVEL = "-Onone";
				SWIFT_VERSION = 4.0;
				TARGETED_DEVICE_FAMILY = 1;
			};
			name = Debug;
		};
		DE9EF4A22122A4D600DAFCB1 /* Release */ = {
			isa = XCBuildConfiguration;
			baseConfigurationReference = 095CAC7B182E2BD7D9822E12 /* Pods-JDXShop.release.xcconfig */;
			buildSettings = {
				ASSETCATALOG_COMPILER_APPICON_NAME = AppIcon;
				CLANG_ENABLE_MODULES = YES;
				CODE_SIGN_STYLE = Automatic;
				DEVELOPMENT_TEAM = W2VWN2H4Z2;
				INFOPLIST_FILE = JDXShop/Info.plist;
				IPHONEOS_DEPLOYMENT_TARGET = 8.0;
				LD_RUNPATH_SEARCH_PATHS = (
					"$(inherited)",
					"@executable_path/Frameworks",
				);
				PRODUCT_BUNDLE_IDENTIFIER = com.jdxonlineshop;
				PRODUCT_NAME = "$(TARGET_NAME)";
				SWIFT_OBJC_BRIDGING_HEADER = "JDXShop/JDXShop-Bridging-Header.h";
				SWIFT_VERSION = 4.0;
				TARGETED_DEVICE_FAMILY = 1;
			};
			name = Release;
		};
/* End XCBuildConfiguration section */

/* Begin XCConfigurationList section */
		DE9EF4892122A4D500DAFCB1 /* Build configuration list for PBXProject "JDXShop" */ = {
			isa = XCConfigurationList;
			buildConfigurations = (
				DE9EF49E2122A4D600DAFCB1 /* Debug */,
				DE9EF49F2122A4D600DAFCB1 /* Release */,
			);
			defaultConfigurationIsVisible = 0;
			defaultConfigurationName = Release;
		};
		DE9EF4A02122A4D600DAFCB1 /* Build configuration list for PBXNativeTarget "JDXShop" */ = {
			isa = XCConfigurationList;
			buildConfigurations = (
				DE9EF4A12122A4D600DAFCB1 /* Debug */,
				DE9EF4A22122A4D600DAFCB1 /* Release */,
			);
			defaultConfigurationIsVisible = 0;
			defaultConfigurationName = Release;
		};
/* End XCConfigurationList section */
	};
	rootObject = DE9EF4862122A4D500DAFCB1 /* Project object */;
}
