// !$*UTF8*$!
{
	archiveVersion = 1;
	classes = {
	};
	objectVersion = 50;
	objects = {

/* Begin PBXBuildFile section */
		166743309ED0B1EE5510FC10 /* Pods_JDXShop.framework in Frameworks */ = {isa = PBXBuildFile; fileRef = A5B40E9668ECB28041F6D933 /* Pods_JDXShop.framework */; };
		A0127237212AEE9700825DF5 /* AppDelegate.swift in Sources */ = {isa = PBXBuildFile; fileRef = A0127236212AEE9700825DF5 /* AppDelegate.swift */; };
		A012723C212AEE9700825DF5 /* Main.storyboard in Resources */ = {isa = PBXBuildFile; fileRef = A012723A212AEE9700825DF5 /* Main.storyboard */; };
		A012723E212AEE9800825DF5 /* Assets.xcassets in Resources */ = {isa = PBXBuildFile; fileRef = A012723D212AEE9800825DF5 /* Assets.xcassets */; };
		A0127241212AEE9800825DF5 /* LaunchScreen.storyboard in Resources */ = {isa = PBXBuildFile; fileRef = A012723F212AEE9800825DF5 /* LaunchScreen.storyboard */; };
		A012724C212AF99700825DF5 /* JDXNavigationController.swift in Sources */ = {isa = PBXBuildFile; fileRef = A012724B212AF99700825DF5 /* JDXNavigationController.swift */; };
		A012724F212AF9A000825DF5 /* JDXProfileViewController.swift in Sources */ = {isa = PBXBuildFile; fileRef = A012724E212AF9A000825DF5 /* JDXProfileViewController.swift */; };
		A0127252212AF9A700825DF5 /* JDXShopViewController.swift in Sources */ = {isa = PBXBuildFile; fileRef = A0127251212AF9A700825DF5 /* JDXShopViewController.swift */; };
		A0127255212AF9AF00825DF5 /* JDXMessageViewController.swift in Sources */ = {isa = PBXBuildFile; fileRef = A0127254212AF9AF00825DF5 /* JDXMessageViewController.swift */; };
		A0127258212AF9B700825DF5 /* JDXCategoryViewController.swift in Sources */ = {isa = PBXBuildFile; fileRef = A0127257212AF9B700825DF5 /* JDXCategoryViewController.swift */; };
		A012725B212AF9BF00825DF5 /* JDXTabbarController.swift in Sources */ = {isa = PBXBuildFile; fileRef = A012725A212AF9BF00825DF5 /* JDXTabbarController.swift */; };
		A0127267212AF9CD00825DF5 /* JDXHomeViewController.swift in Sources */ = {isa = PBXBuildFile; fileRef = A012725E212AF9CD00825DF5 /* JDXHomeViewController.swift */; };
		A0127268212AF9CD00825DF5 /* JDXHomePageProductInfo.swift in Sources */ = {isa = PBXBuildFile; fileRef = A0127260212AF9CD00825DF5 /* JDXHomePageProductInfo.swift */; };
		A0127269212AF9CD00825DF5 /* HomePageBanner.swift in Sources */ = {isa = PBXBuildFile; fileRef = A0127261212AF9CD00825DF5 /* HomePageBanner.swift */; };
		A012726A212AF9CD00825DF5 /* HomePageBannerView.swift in Sources */ = {isa = PBXBuildFile; fileRef = A0127263212AF9CD00825DF5 /* HomePageBannerView.swift */; };
		A012726B212AF9CD00825DF5 /* JDXHomePageProductCell.swift in Sources */ = {isa = PBXBuildFile; fileRef = A0127264212AF9CD00825DF5 /* JDXHomePageProductCell.swift */; };
		A012726C212AF9CD00825DF5 /* JDXLimitSaleView.swift in Sources */ = {isa = PBXBuildFile; fileRef = A0127265212AF9CD00825DF5 /* JDXLimitSaleView.swift */; };
		A012726D212AF9CD00825DF5 /* JDXKindMenuView.swift in Sources */ = {isa = PBXBuildFile; fileRef = A0127266212AF9CD00825DF5 /* JDXKindMenuView.swift */; };
		A0127270212AF9E000825DF5 /* ImageViewUtils.swift in Sources */ = {isa = PBXBuildFile; fileRef = A012726F212AF9E000825DF5 /* ImageViewUtils.swift */; };
		A0127274212AF9EB00825DF5 /* JDXNetService.swift in Sources */ = {isa = PBXBuildFile; fileRef = A0127272212AF9EB00825DF5 /* JDXNetService.swift */; };
		A0127275212AF9EB00825DF5 /* JDXApiDefine.swift in Sources */ = {isa = PBXBuildFile; fileRef = A0127273212AF9EB00825DF5 /* JDXApiDefine.swift */; };
		A012727C212AF9F600825DF5 /* JDXTableDataManager.swift in Sources */ = {isa = PBXBuildFile; fileRef = A0127277212AF9F600825DF5 /* JDXTableDataManager.swift */; };
		A012727D212AF9F600825DF5 /* JDXBaseViewController.swift in Sources */ = {isa = PBXBuildFile; fileRef = A0127278212AF9F600825DF5 /* JDXBaseViewController.swift */; };
		A012727E212AF9F600825DF5 /* JDXBaseCollectionViewCell.swift in Sources */ = {isa = PBXBuildFile; fileRef = A0127279212AF9F600825DF5 /* JDXBaseCollectionViewCell.swift */; };
		A012727F212AF9F600825DF5 /* JDXBaseCollectionViewController.swift in Sources */ = {isa = PBXBuildFile; fileRef = A012727A212AF9F600825DF5 /* JDXBaseCollectionViewController.swift */; };
		A0127280212AF9F600825DF5 /* JDXBaseView.swift in Sources */ = {isa = PBXBuildFile; fileRef = A012727B212AF9F600825DF5 /* JDXBaseView.swift */; };
		A0127283212AFA5B00825DF5 /* JDXDefine.swift in Sources */ = {isa = PBXBuildFile; fileRef = A0127282212AFA5B00825DF5 /* JDXDefine.swift */; };
		A0A71421212AFC4300A373EF /* RefreshUtil.swift in Sources */ = {isa = PBXBuildFile; fileRef = A0A71420212AFC4300A373EF /* RefreshUtil.swift */; };
		A0A71428212B124D00A373EF /* YYFPSLabel.m in Sources */ = {isa = PBXBuildFile; fileRef = A0A71424212B124D00A373EF /* YYFPSLabel.m */; };
		A0A71429212B124D00A373EF /* YYWeakProxy.m in Sources */ = {isa = PBXBuildFile; fileRef = A0A71426212B124D00A373EF /* YYWeakProxy.m */; };
/* End PBXBuildFile section */

/* Begin PBXFileReference section */
		6587711E3A0E6C55A06ED1C2 /* Pods-JDXShop.debug.xcconfig */ = {isa = PBXFileReference; includeInIndex = 1; lastKnownFileType = text.xcconfig; name = "Pods-JDXShop.debug.xcconfig"; path = "Pods/Target Support Files/Pods-JDXShop/Pods-JDXShop.debug.xcconfig"; sourceTree = "<group>"; };
		93FE2D4D132297BBBC0DE151 /* Pods-JDXShop.release.xcconfig */ = {isa = PBXFileReference; includeInIndex = 1; lastKnownFileType = text.xcconfig; name = "Pods-JDXShop.release.xcconfig"; path = "Pods/Target Support Files/Pods-JDXShop/Pods-JDXShop.release.xcconfig"; sourceTree = "<group>"; };
		A0127233212AEE9700825DF5 /* JDXShop.app */ = {isa = PBXFileReference; explicitFileType = wrapper.application; includeInIndex = 0; path = JDXShop.app; sourceTree = BUILT_PRODUCTS_DIR; };
		A0127236212AEE9700825DF5 /* AppDelegate.swift */ = {isa = PBXFileReference; lastKnownFileType = sourcecode.swift; path = AppDelegate.swift; sourceTree = "<group>"; };
		A012723B212AEE9700825DF5 /* Base */ = {isa = PBXFileReference; lastKnownFileType = file.storyboard; name = Base; path = Base.lproj/Main.storyboard; sourceTree = "<group>"; };
		A012723D212AEE9800825DF5 /* Assets.xcassets */ = {isa = PBXFileReference; lastKnownFileType = folder.assetcatalog; path = Assets.xcassets; sourceTree = "<group>"; };
		A0127240212AEE9800825DF5 /* Base */ = {isa = PBXFileReference; lastKnownFileType = file.storyboard; name = Base; path = Base.lproj/LaunchScreen.storyboard; sourceTree = "<group>"; };
		A0127242212AEE9800825DF5 /* Info.plist */ = {isa = PBXFileReference; lastKnownFileType = text.plist.xml; path = Info.plist; sourceTree = "<group>"; };
		A012724B212AF99700825DF5 /* JDXNavigationController.swift */ = {isa = PBXFileReference; fileEncoding = 4; lastKnownFileType = sourcecode.swift; path = JDXNavigationController.swift; sourceTree = "<group>"; };
		A012724E212AF9A000825DF5 /* JDXProfileViewController.swift */ = {isa = PBXFileReference; fileEncoding = 4; lastKnownFileType = sourcecode.swift; path = JDXProfileViewController.swift; sourceTree = "<group>"; };
		A0127251212AF9A700825DF5 /* JDXShopViewController.swift */ = {isa = PBXFileReference; fileEncoding = 4; lastKnownFileType = sourcecode.swift; path = JDXShopViewController.swift; sourceTree = "<group>"; };
		A0127254212AF9AF00825DF5 /* JDXMessageViewController.swift */ = {isa = PBXFileReference; fileEncoding = 4; lastKnownFileType = sourcecode.swift; path = JDXMessageViewController.swift; sourceTree = "<group>"; };
		A0127257212AF9B700825DF5 /* JDXCategoryViewController.swift */ = {isa = PBXFileReference; fileEncoding = 4; lastKnownFileType = sourcecode.swift; path = JDXCategoryViewController.swift; sourceTree = "<group>"; };
		A012725A212AF9BF00825DF5 /* JDXTabbarController.swift */ = {isa = PBXFileReference; fileEncoding = 4; lastKnownFileType = sourcecode.swift; path = JDXTabbarController.swift; sourceTree = "<group>"; };
		A012725E212AF9CD00825DF5 /* JDXHomeViewController.swift */ = {isa = PBXFileReference; fileEncoding = 4; lastKnownFileType = sourcecode.swift; path = JDXHomeViewController.swift; sourceTree = "<group>"; };
		A0127260212AF9CD00825DF5 /* JDXHomePageProductInfo.swift */ = {isa = PBXFileReference; fileEncoding = 4; lastKnownFileType = sourcecode.swift; path = JDXHomePageProductInfo.swift; sourceTree = "<group>"; };
		A0127261212AF9CD00825DF5 /* HomePageBanner.swift */ = {isa = PBXFileReference; fileEncoding = 4; lastKnownFileType = sourcecode.swift; path = HomePageBanner.swift; sourceTree = "<group>"; };
		A0127263212AF9CD00825DF5 /* HomePageBannerView.swift */ = {isa = PBXFileReference; fileEncoding = 4; lastKnownFileType = sourcecode.swift; path = HomePageBannerView.swift; sourceTree = "<group>"; };
		A0127264212AF9CD00825DF5 /* JDXHomePageProductCell.swift */ = {isa = PBXFileReference; fileEncoding = 4; lastKnownFileType = sourcecode.swift; path = JDXHomePageProductCell.swift; sourceTree = "<group>"; };
		A0127265212AF9CD00825DF5 /* JDXLimitSaleView.swift */ = {isa = PBXFileReference; fileEncoding = 4; lastKnownFileType = sourcecode.swift; path = JDXLimitSaleView.swift; sourceTree = "<group>"; };
		A0127266212AF9CD00825DF5 /* JDXKindMenuView.swift */ = {isa = PBXFileReference; fileEncoding = 4; lastKnownFileType = sourcecode.swift; path = JDXKindMenuView.swift; sourceTree = "<group>"; };
		A012726F212AF9E000825DF5 /* ImageViewUtils.swift */ = {isa = PBXFileReference; fileEncoding = 4; lastKnownFileType = sourcecode.swift; path = ImageViewUtils.swift; sourceTree = "<group>"; };
		A0127272212AF9EB00825DF5 /* JDXNetService.swift */ = {isa = PBXFileReference; fileEncoding = 4; lastKnownFileType = sourcecode.swift; path = JDXNetService.swift; sourceTree = "<group>"; };
		A0127273212AF9EB00825DF5 /* JDXApiDefine.swift */ = {isa = PBXFileReference; fileEncoding = 4; lastKnownFileType = sourcecode.swift; path = JDXApiDefine.swift; sourceTree = "<group>"; };
		A0127277212AF9F600825DF5 /* JDXTableDataManager.swift */ = {isa = PBXFileReference; fileEncoding = 4; lastKnownFileType = sourcecode.swift; path = JDXTableDataManager.swift; sourceTree = "<group>"; };
		A0127278212AF9F600825DF5 /* JDXBaseViewController.swift */ = {isa = PBXFileReference; fileEncoding = 4; lastKnownFileType = sourcecode.swift; path = JDXBaseViewController.swift; sourceTree = "<group>"; };
		A0127279212AF9F600825DF5 /* JDXBaseCollectionViewCell.swift */ = {isa = PBXFileReference; fileEncoding = 4; lastKnownFileType = sourcecode.swift; path = JDXBaseCollectionViewCell.swift; sourceTree = "<group>"; };
		A012727A212AF9F600825DF5 /* JDXBaseCollectionViewController.swift */ = {isa = PBXFileReference; fileEncoding = 4; lastKnownFileType = sourcecode.swift; path = JDXBaseCollectionViewController.swift; sourceTree = "<group>"; };
		A012727B212AF9F600825DF5 /* JDXBaseView.swift */ = {isa = PBXFileReference; fileEncoding = 4; lastKnownFileType = sourcecode.swift; path = JDXBaseView.swift; sourceTree = "<group>"; };
		A0127282212AFA5B00825DF5 /* JDXDefine.swift */ = {isa = PBXFileReference; fileEncoding = 4; lastKnownFileType = sourcecode.swift; path = JDXDefine.swift; sourceTree = "<group>"; };
		A0127284212AFA6E00825DF5 /* JDXShop-Bridging-Header.h */ = {isa = PBXFileReference; lastKnownFileType = sourcecode.c.h; path = "JDXShop-Bridging-Header.h"; sourceTree = "<group>"; };
		A0A71420212AFC4300A373EF /* RefreshUtil.swift */ = {isa = PBXFileReference; lastKnownFileType = sourcecode.swift; path = RefreshUtil.swift; sourceTree = "<group>"; };
		A0A71424212B124D00A373EF /* YYFPSLabel.m */ = {isa = PBXFileReference; fileEncoding = 4; lastKnownFileType = sourcecode.c.objc; path = YYFPSLabel.m; sourceTree = "<group>"; };
		A0A71425212B124D00A373EF /* YYFPSLabel.h */ = {isa = PBXFileReference; fileEncoding = 4; lastKnownFileType = sourcecode.c.h; path = YYFPSLabel.h; sourceTree = "<group>"; };
		A0A71426212B124D00A373EF /* YYWeakProxy.m */ = {isa = PBXFileReference; fileEncoding = 4; lastKnownFileType = sourcecode.c.objc; path = YYWeakProxy.m; sourceTree = "<group>"; };
		A0A71427212B124D00A373EF /* YYWeakProxy.h */ = {isa = PBXFileReference; fileEncoding = 4; lastKnownFileType = sourcecode.c.h; path = YYWeakProxy.h; sourceTree = "<group>"; };
		A5B40E9668ECB28041F6D933 /* Pods_JDXShop.framework */ = {isa = PBXFileReference; explicitFileType = wrapper.framework; includeInIndex = 0; path = Pods_JDXShop.framework; sourceTree = BUILT_PRODUCTS_DIR; };
/* End PBXFileReference section */

/* Begin PBXFrameworksBuildPhase section */
		A0127230212AEE9700825DF5 /* Frameworks */ = {
			isa = PBXFrameworksBuildPhase;
			buildActionMask = 2147483647;
			files = (
				166743309ED0B1EE5510FC10 /* Pods_JDXShop.framework in Frameworks */,
			);
			runOnlyForDeploymentPostprocessing = 0;
		};
/* End PBXFrameworksBuildPhase section */

/* Begin PBXGroup section */
		13795B482E4E22E9DC085E1F /* Pods */ = {
			isa = PBXGroup;
			children = (
				6587711E3A0E6C55A06ED1C2 /* Pods-JDXShop.debug.xcconfig */,
				93FE2D4D132297BBBC0DE151 /* Pods-JDXShop.release.xcconfig */,
			);
			name = Pods;
			sourceTree = "<group>";
		};
		A012722A212AEE9700825DF5 = {
			isa = PBXGroup;
			children = (
				A0127235212AEE9700825DF5 /* JDXShop */,
				A0127234212AEE9700825DF5 /* Products */,
				13795B482E4E22E9DC085E1F /* Pods */,
				B3B8127C8D27502463335E7D /* Frameworks */,
			);
			sourceTree = "<group>";
		};
		A0127234212AEE9700825DF5 /* Products */ = {
			isa = PBXGroup;
			children = (
				A0127233212AEE9700825DF5 /* JDXShop.app */,
			);
			name = Products;
			sourceTree = "<group>";
		};
		A0127235212AEE9700825DF5 /* JDXShop */ = {
			isa = PBXGroup;
			children = (
				A0127249212AF93D00825DF5 /* Core */,
				A0127248212AF90800825DF5 /* Class */,
				A0127236212AEE9700825DF5 /* AppDelegate.swift */,
				A012723A212AEE9700825DF5 /* Main.storyboard */,
				A012723D212AEE9800825DF5 /* Assets.xcassets */,
				A012723F212AEE9800825DF5 /* LaunchScreen.storyboard */,
				A0127242212AEE9800825DF5 /* Info.plist */,
				A0127284212AFA6E00825DF5 /* JDXShop-Bridging-Header.h */,
			);
			path = JDXShop;
			sourceTree = "<group>";
		};
		A0127248212AF90800825DF5 /* Class */ = {
			isa = PBXGroup;
			children = (
				A012725C212AF9CD00825DF5 /* Home */,
				A0127259212AF9BF00825DF5 /* TabbarController */,
				A0127256212AF9B700825DF5 /* Category */,
				A0127253212AF9AF00825DF5 /* Message */,
				A0127250212AF9A700825DF5 /* Shop */,
				A012724D212AF9A000825DF5 /* Me */,
				A012724A212AF99700825DF5 /* Navigationtroller */,
			);
			path = Class;
			sourceTree = "<group>";
		};
		A0127249212AF93D00825DF5 /* Core */ = {
			isa = PBXGroup;
			children = (
				A0A71423212B123800A373EF /* YYFPSLabel */,
				A0127281212AFA4400825DF5 /* Constant */,
				A0127276212AF9F600825DF5 /* Base */,
				A0127271212AF9EB00825DF5 /* NetService */,
				A012726E212AF9E000825DF5 /* Category */,
			);
			path = Core;
			sourceTree = "<group>";
		};
		A012724A212AF99700825DF5 /* Navigationtroller */ = {
			isa = PBXGroup;
			children = (
				A012724B212AF99700825DF5 /* JDXNavigationController.swift */,
			);
			path = Navigationtroller;
			sourceTree = "<group>";
		};
		A012724D212AF9A000825DF5 /* Me */ = {
			isa = PBXGroup;
			children = (
				A012724E212AF9A000825DF5 /* JDXProfileViewController.swift */,
			);
			path = Me;
			sourceTree = "<group>";
		};
		A0127250212AF9A700825DF5 /* Shop */ = {
			isa = PBXGroup;
			children = (
				A0127251212AF9A700825DF5 /* JDXShopViewController.swift */,
			);
			path = Shop;
			sourceTree = "<group>";
		};
		A0127253212AF9AF00825DF5 /* Message */ = {
			isa = PBXGroup;
			children = (
				A0127254212AF9AF00825DF5 /* JDXMessageViewController.swift */,
			);
			path = Message;
			sourceTree = "<group>";
		};
		A0127256212AF9B700825DF5 /* Category */ = {
			isa = PBXGroup;
			children = (
				A0127257212AF9B700825DF5 /* JDXCategoryViewController.swift */,
			);
			path = Category;
			sourceTree = "<group>";
		};
		A0127259212AF9BF00825DF5 /* TabbarController */ = {
			isa = PBXGroup;
			children = (
				A012725A212AF9BF00825DF5 /* JDXTabbarController.swift */,
			);
			path = TabbarController;
			sourceTree = "<group>";
		};
		A012725C212AF9CD00825DF5 /* Home */ = {
			isa = PBXGroup;
			children = (
				A012725D212AF9CD00825DF5 /* Controller */,
				A012725F212AF9CD00825DF5 /* Model */,
				A0127262212AF9CD00825DF5 /* View */,
			);
			path = Home;
			sourceTree = "<group>";
		};
		A012725D212AF9CD00825DF5 /* Controller */ = {
			isa = PBXGroup;
			children = (
				A012725E212AF9CD00825DF5 /* JDXHomeViewController.swift */,
			);
			path = Controller;
			sourceTree = "<group>";
		};
		A012725F212AF9CD00825DF5 /* Model */ = {
			isa = PBXGroup;
			children = (
				A0127260212AF9CD00825DF5 /* JDXHomePageProductInfo.swift */,
				A0127261212AF9CD00825DF5 /* HomePageBanner.swift */,
			);
			path = Model;
			sourceTree = "<group>";
		};
		A0127262212AF9CD00825DF5 /* View */ = {
			isa = PBXGroup;
			children = (
				A0127263212AF9CD00825DF5 /* HomePageBannerView.swift */,
				A0127264212AF9CD00825DF5 /* JDXHomePageProductCell.swift */,
				A0127265212AF9CD00825DF5 /* JDXLimitSaleView.swift */,
				A0127266212AF9CD00825DF5 /* JDXKindMenuView.swift */,
			);
			path = View;
			sourceTree = "<group>";
		};
		A012726E212AF9E000825DF5 /* Category */ = {
			isa = PBXGroup;
			children = (
				A012726F212AF9E000825DF5 /* ImageViewUtils.swift */,
				A0A71420212AFC4300A373EF /* RefreshUtil.swift */,
			);
			path = Category;
			sourceTree = "<group>";
		};
		A0127271212AF9EB00825DF5 /* NetService */ = {
			isa = PBXGroup;
			children = (
				A0127272212AF9EB00825DF5 /* JDXNetService.swift */,
				A0127273212AF9EB00825DF5 /* JDXApiDefine.swift */,
			);
			path = NetService;
			sourceTree = "<group>";
		};
		A0127276212AF9F600825DF5 /* Base */ = {
			isa = PBXGroup;
			children = (
				A0127277212AF9F600825DF5 /* JDXTableDataManager.swift */,
				A0127278212AF9F600825DF5 /* JDXBaseViewController.swift */,
				A0127279212AF9F600825DF5 /* JDXBaseCollectionViewCell.swift */,
				A012727A212AF9F600825DF5 /* JDXBaseCollectionViewController.swift */,
				A012727B212AF9F600825DF5 /* JDXBaseView.swift */,
			);
			path = Base;
			sourceTree = "<group>";
		};
		A0127281212AFA4400825DF5 /* Constant */ = {
			isa = PBXGroup;
			children = (
				A0127282212AFA5B00825DF5 /* JDXDefine.swift */,
			);
			path = Constant;
			sourceTree = "<group>";
		};
		A0A71423212B123800A373EF /* YYFPSLabel */ = {
			isa = PBXGroup;
			children = (
				A0A71425212B124D00A373EF /* YYFPSLabel.h */,
				A0A71424212B124D00A373EF /* YYFPSLabel.m */,
				A0A71427212B124D00A373EF /* YYWeakProxy.h */,
				A0A71426212B124D00A373EF /* YYWeakProxy.m */,
			);
			path = YYFPSLabel;
			sourceTree = "<group>";
		};
		B3B8127C8D27502463335E7D /* Frameworks */ = {
			isa = PBXGroup;
			children = (
				A5B40E9668ECB28041F6D933 /* Pods_JDXShop.framework */,
			);
			name = Frameworks;
			sourceTree = "<group>";
		};
/* End PBXGroup section */

/* Begin PBXNativeTarget section */
		A0127232212AEE9700825DF5 /* JDXShop */ = {
			isa = PBXNativeTarget;
			buildConfigurationList = A0127245212AEE9800825DF5 /* Build configuration list for PBXNativeTarget "JDXShop" */;
			buildPhases = (
				C9646B5CB2849FF3362AFA19 /* [CP] Check Pods Manifest.lock */,
				A012722F212AEE9700825DF5 /* Sources */,
				A0127230212AEE9700825DF5 /* Frameworks */,
				A0127231212AEE9700825DF5 /* Resources */,
				44CE45107421DB162C890900 /* [CP] Embed Pods Frameworks */,
			);
			buildRules = (
			);
			dependencies = (
			);
			name = JDXShop;
			productName = JDXShop;
			productReference = A0127233212AEE9700825DF5 /* JDXShop.app */;
			productType = "com.apple.product-type.application";
		};
/* End PBXNativeTarget section */

/* Begin PBXProject section */
		A012722B212AEE9700825DF5 /* Project object */ = {
			isa = PBXProject;
			attributes = {
				LastSwiftUpdateCheck = 0940;
				LastUpgradeCheck = 0940;
				ORGANIZATIONNAME = lanhao;
				TargetAttributes = {
					A0127232212AEE9700825DF5 = {
						CreatedOnToolsVersion = 9.4.1;
						LastSwiftMigration = 0940;
					};
				};
			};
			buildConfigurationList = A012722E212AEE9700825DF5 /* Build configuration list for PBXProject "JDXShop" */;
			compatibilityVersion = "Xcode 9.3";
			developmentRegion = en;
			hasScannedForEncodings = 0;
			knownRegions = (
				en,
				Base,
			);
			mainGroup = A012722A212AEE9700825DF5;
			productRefGroup = A0127234212AEE9700825DF5 /* Products */;
			projectDirPath = "";
			projectRoot = "";
			targets = (
				A0127232212AEE9700825DF5 /* JDXShop */,
			);
		};
/* End PBXProject section */

/* Begin PBXResourcesBuildPhase section */
		A0127231212AEE9700825DF5 /* Resources */ = {
			isa = PBXResourcesBuildPhase;
			buildActionMask = 2147483647;
			files = (
				A0127241212AEE9800825DF5 /* LaunchScreen.storyboard in Resources */,
				A012723E212AEE9800825DF5 /* Assets.xcassets in Resources */,
				A012723C212AEE9700825DF5 /* Main.storyboard in Resources */,
			);
			runOnlyForDeploymentPostprocessing = 0;
		};
/* End PBXResourcesBuildPhase section */

/* Begin PBXShellScriptBuildPhase section */
		44CE45107421DB162C890900 /* [CP] Embed Pods Frameworks */ = {
			isa = PBXShellScriptBuildPhase;
			buildActionMask = 2147483647;
			files = (
			);
			inputPaths = (
				"${SRCROOT}/Pods/Target Support Files/Pods-JDXShop/Pods-JDXShop-frameworks.sh",
				"${BUILT_PRODUCTS_DIR}/Alamofire/Alamofire.framework",
				"${BUILT_PRODUCTS_DIR}/DZNEmptyDataSet/DZNEmptyDataSet.framework",
				"${BUILT_PRODUCTS_DIR}/HandyJSON/HandyJSON.framework",
				"${BUILT_PRODUCTS_DIR}/Kingfisher/Kingfisher.framework",
				"${BUILT_PRODUCTS_DIR}/MJRefresh/MJRefresh.framework",
				"${BUILT_PRODUCTS_DIR}/QMUIKit/QMUIKit.framework",
				"${BUILT_PRODUCTS_DIR}/SDCycleScrollView/SDCycleScrollView.framework",
				"${BUILT_PRODUCTS_DIR}/SDWebImage/SDWebImage.framework",
				"${BUILT_PRODUCTS_DIR}/SnapKit/SnapKit.framework",
			);
			name = "[CP] Embed Pods Frameworks";
			outputPaths = (
				"${TARGET_BUILD_DIR}/${FRAMEWORKS_FOLDER_PATH}/Alamofire.framework",
				"${TARGET_BUILD_DIR}/${FRAMEWORKS_FOLDER_PATH}/DZNEmptyDataSet.framework",
				"${TARGET_BUILD_DIR}/${FRAMEWORKS_FOLDER_PATH}/HandyJSON.framework",
				"${TARGET_BUILD_DIR}/${FRAMEWORKS_FOLDER_PATH}/Kingfisher.framework",
				"${TARGET_BUILD_DIR}/${FRAMEWORKS_FOLDER_PATH}/MJRefresh.framework",
				"${TARGET_BUILD_DIR}/${FRAMEWORKS_FOLDER_PATH}/QMUIKit.framework",
				"${TARGET_BUILD_DIR}/${FRAMEWORKS_FOLDER_PATH}/SDCycleScrollView.framework",
				"${TARGET_BUILD_DIR}/${FRAMEWORKS_FOLDER_PATH}/SDWebImage.framework",
				"${TARGET_BUILD_DIR}/${FRAMEWORKS_FOLDER_PATH}/SnapKit.framework",
			);
			runOnlyForDeploymentPostprocessing = 0;
			shellPath = /bin/sh;
			shellScript = "\"${SRCROOT}/Pods/Target Support Files/Pods-JDXShop/Pods-JDXShop-frameworks.sh\"\n";
			showEnvVarsInLog = 0;
		};
		C9646B5CB2849FF3362AFA19 /* [CP] Check Pods Manifest.lock */ = {
			isa = PBXShellScriptBuildPhase;
			buildActionMask = 2147483647;
			files = (
			);
			inputPaths = (
				"${PODS_PODFILE_DIR_PATH}/Podfile.lock",
				"${PODS_ROOT}/Manifest.lock",
			);
			name = "[CP] Check Pods Manifest.lock";
			outputPaths = (
				"$(DERIVED_FILE_DIR)/Pods-JDXShop-checkManifestLockResult.txt",
			);
			runOnlyForDeploymentPostprocessing = 0;
			shellPath = /bin/sh;
			shellScript = "diff \"${PODS_PODFILE_DIR_PATH}/Podfile.lock\" \"${PODS_ROOT}/Manifest.lock\" > /dev/null\nif [ $? != 0 ] ; then\n    # print error to STDERR\n    echo \"error: The sandbox is not in sync with the Podfile.lock. Run 'pod install' or update your CocoaPods installation.\" >&2\n    exit 1\nfi\n# This output is used by Xcode 'outputs' to avoid re-running this script phase.\necho \"SUCCESS\" > \"${SCRIPT_OUTPUT_FILE_0}\"\n";
			showEnvVarsInLog = 0;
		};
/* End PBXShellScriptBuildPhase section */

/* Begin PBXSourcesBuildPhase section */
		A012722F212AEE9700825DF5 /* Sources */ = {
			isa = PBXSourcesBuildPhase;
			buildActionMask = 2147483647;
			files = (
				A012727E212AF9F600825DF5 /* JDXBaseCollectionViewCell.swift in Sources */,
				A012726B212AF9CD00825DF5 /* JDXHomePageProductCell.swift in Sources */,
				A012726D212AF9CD00825DF5 /* JDXKindMenuView.swift in Sources */,
				A0127283212AFA5B00825DF5 /* JDXDefine.swift in Sources */,
				A012727D212AF9F600825DF5 /* JDXBaseViewController.swift in Sources */,
				A0127275212AF9EB00825DF5 /* JDXApiDefine.swift in Sources */,
				A0A71428212B124D00A373EF /* YYFPSLabel.m in Sources */,
				A012724C212AF99700825DF5 /* JDXNavigationController.swift in Sources */,
				A012726A212AF9CD00825DF5 /* HomePageBannerView.swift in Sources */,
				A0127280212AF9F600825DF5 /* JDXBaseView.swift in Sources */,
				A0127268212AF9CD00825DF5 /* JDXHomePageProductInfo.swift in Sources */,
				A012725B212AF9BF00825DF5 /* JDXTabbarController.swift in Sources */,
				A012726C212AF9CD00825DF5 /* JDXLimitSaleView.swift in Sources */,
				A0127274212AF9EB00825DF5 /* JDXNetService.swift in Sources */,
				A012727F212AF9F600825DF5 /* JDXBaseCollectionViewController.swift in Sources */,
				A0127252212AF9A700825DF5 /* JDXShopViewController.swift in Sources */,
				A0127258212AF9B700825DF5 /* JDXCategoryViewController.swift in Sources */,
				A0127237212AEE9700825DF5 /* AppDelegate.swift in Sources */,
				A0A71421212AFC4300A373EF /* RefreshUtil.swift in Sources */,
				A012724F212AF9A000825DF5 /* JDXProfileViewController.swift in Sources */,
				A0A71429212B124D00A373EF /* YYWeakProxy.m in Sources */,
				A012727C212AF9F600825DF5 /* JDXTableDataManager.swift in Sources */,
				A0127267212AF9CD00825DF5 /* JDXHomeViewController.swift in Sources */,
				A0127269212AF9CD00825DF5 /* HomePageBanner.swift in Sources */,
				A0127270212AF9E000825DF5 /* ImageViewUtils.swift in Sources */,
				A0127255212AF9AF00825DF5 /* JDXMessageViewController.swift in Sources */,
			);
			runOnlyForDeploymentPostprocessing = 0;
		};
/* End PBXSourcesBuildPhase section */

/* Begin PBXVariantGroup section */
		A012723A212AEE9700825DF5 /* Main.storyboard */ = {
			isa = PBXVariantGroup;
			children = (
				A012723B212AEE9700825DF5 /* Base */,
			);
			name = Main.storyboard;
			sourceTree = "<group>";
		};
		A012723F212AEE9800825DF5 /* LaunchScreen.storyboard */ = {
			isa = PBXVariantGroup;
			children = (
				A0127240212AEE9800825DF5 /* Base */,
			);
			name = LaunchScreen.storyboard;
			sourceTree = "<group>";
		};
/* End PBXVariantGroup section */

/* Begin XCBuildConfiguration section */
		A0127243212AEE9800825DF5 /* Debug */ = {
			isa = XCBuildConfiguration;
			buildSettings = {
				ALWAYS_SEARCH_USER_PATHS = NO;
				CLANG_ANALYZER_NONNULL = YES;
				CLANG_ANALYZER_NUMBER_OBJECT_CONVERSION = YES_AGGRESSIVE;
				CLANG_CXX_LANGUAGE_STANDARD = "gnu++14";
				CLANG_CXX_LIBRARY = "libc++";
				CLANG_ENABLE_MODULES = YES;
				CLANG_ENABLE_OBJC_ARC = YES;
				CLANG_ENABLE_OBJC_WEAK = YES;
				CLANG_WARN_BLOCK_CAPTURE_AUTORELEASING = YES;
				CLANG_WARN_BOOL_CONVERSION = YES;
				CLANG_WARN_COMMA = YES;
				CLANG_WARN_CONSTANT_CONVERSION = YES;
				CLANG_WARN_DEPRECATED_OBJC_IMPLEMENTATIONS = YES;
				CLANG_WARN_DIRECT_OBJC_ISA_USAGE = YES_ERROR;
				CLANG_WARN_DOCUMENTATION_COMMENTS = YES;
				CLANG_WARN_EMPTY_BODY = YES;
				CLANG_WARN_ENUM_CONVERSION = YES;
				CLANG_WARN_INFINITE_RECURSION = YES;
				CLANG_WARN_INT_CONVERSION = YES;
				CLANG_WARN_NON_LITERAL_NULL_CONVERSION = YES;
				CLANG_WARN_OBJC_IMPLICIT_RETAIN_SELF = YES;
				CLANG_WARN_OBJC_LITERAL_CONVERSION = YES;
				CLANG_WARN_OBJC_ROOT_CLASS = YES_ERROR;
				CLANG_WARN_RANGE_LOOP_ANALYSIS = YES;
				CLANG_WARN_STRICT_PROTOTYPES = YES;
				CLANG_WARN_SUSPICIOUS_MOVE = YES;
				CLANG_WARN_UNGUARDED_AVAILABILITY = YES_AGGRESSIVE;
				CLANG_WARN_UNREACHABLE_CODE = YES;
				CLANG_WARN__DUPLICATE_METHOD_MATCH = YES;
				CODE_SIGN_IDENTITY = "iPhone Developer";
				COPY_PHASE_STRIP = NO;
				DEBUG_INFORMATION_FORMAT = dwarf;
				ENABLE_STRICT_OBJC_MSGSEND = YES;
				ENABLE_TESTABILITY = YES;
				GCC_C_LANGUAGE_STANDARD = gnu11;
				GCC_DYNAMIC_NO_PIC = NO;
				GCC_NO_COMMON_BLOCKS = YES;
				GCC_OPTIMIZATION_LEVEL = 0;
				GCC_PREPROCESSOR_DEFINITIONS = (
					"DEBUG=1",
					"$(inherited)",
				);
				GCC_WARN_64_TO_32_BIT_CONVERSION = YES;
				GCC_WARN_ABOUT_RETURN_TYPE = YES_ERROR;
				GCC_WARN_UNDECLARED_SELECTOR = YES;
				GCC_WARN_UNINITIALIZED_AUTOS = YES_AGGRESSIVE;
				GCC_WARN_UNUSED_FUNCTION = YES;
				GCC_WARN_UNUSED_VARIABLE = YES;
				IPHONEOS_DEPLOYMENT_TARGET = 11.4;
				MTL_ENABLE_DEBUG_INFO = YES;
				ONLY_ACTIVE_ARCH = YES;
				SDKROOT = iphoneos;
				SWIFT_ACTIVE_COMPILATION_CONDITIONS = DEBUG;
				SWIFT_OPTIMIZATION_LEVEL = "-Onone";
			};
			name = Debug;
		};
		A0127244212AEE9800825DF5 /* Release */ = {
			isa = XCBuildConfiguration;
			buildSettings = {
				ALWAYS_SEARCH_USER_PATHS = NO;
				CLANG_ANALYZER_NONNULL = YES;
				CLANG_ANALYZER_NUMBER_OBJECT_CONVERSION = YES_AGGRESSIVE;
				CLANG_CXX_LANGUAGE_STANDARD = "gnu++14";
				CLANG_CXX_LIBRARY = "libc++";
				CLANG_ENABLE_MODULES = YES;
				CLANG_ENABLE_OBJC_ARC = YES;
				CLANG_ENABLE_OBJC_WEAK = YES;
				CLANG_WARN_BLOCK_CAPTURE_AUTORELEASING = YES;
				CLANG_WARN_BOOL_CONVERSION = YES;
				CLANG_WARN_COMMA = YES;
				CLANG_WARN_CONSTANT_CONVERSION = YES;
				CLANG_WARN_DEPRECATED_OBJC_IMPLEMENTATIONS = YES;
				CLANG_WARN_DIRECT_OBJC_ISA_USAGE = YES_ERROR;
				CLANG_WARN_DOCUMENTATION_COMMENTS = YES;
				CLANG_WARN_EMPTY_BODY = YES;
				CLANG_WARN_ENUM_CONVERSION = YES;
				CLANG_WARN_INFINITE_RECURSION = YES;
				CLANG_WARN_INT_CONVERSION = YES;
				CLANG_WARN_NON_LITERAL_NULL_CONVERSION = YES;
				CLANG_WARN_OBJC_IMPLICIT_RETAIN_SELF = YES;
				CLANG_WARN_OBJC_LITERAL_CONVERSION = YES;
				CLANG_WARN_OBJC_ROOT_CLASS = YES_ERROR;
				CLANG_WARN_RANGE_LOOP_ANALYSIS = YES;
				CLANG_WARN_STRICT_PROTOTYPES = YES;
				CLANG_WARN_SUSPICIOUS_MOVE = YES;
				CLANG_WARN_UNGUARDED_AVAILABILITY = YES_AGGRESSIVE;
				CLANG_WARN_UNREACHABLE_CODE = YES;
				CLANG_WARN__DUPLICATE_METHOD_MATCH = YES;
				CODE_SIGN_IDENTITY = "iPhone Developer";
				COPY_PHASE_STRIP = NO;
				DEBUG_INFORMATION_FORMAT = "dwarf-with-dsym";
				ENABLE_NS_ASSERTIONS = NO;
				ENABLE_STRICT_OBJC_MSGSEND = YES;
				GCC_C_LANGUAGE_STANDARD = gnu11;
				GCC_NO_COMMON_BLOCKS = YES;
				GCC_WARN_64_TO_32_BIT_CONVERSION = YES;
				GCC_WARN_ABOUT_RETURN_TYPE = YES_ERROR;
				GCC_WARN_UNDECLARED_SELECTOR = YES;
				GCC_WARN_UNINITIALIZED_AUTOS = YES_AGGRESSIVE;
				GCC_WARN_UNUSED_FUNCTION = YES;
				GCC_WARN_UNUSED_VARIABLE = YES;
				IPHONEOS_DEPLOYMENT_TARGET = 11.4;
				MTL_ENABLE_DEBUG_INFO = NO;
				SDKROOT = iphoneos;
				SWIFT_COMPILATION_MODE = wholemodule;
				SWIFT_OPTIMIZATION_LEVEL = "-O";
				VALIDATE_PRODUCT = YES;
			};
			name = Release;
		};
		A0127246212AEE9800825DF5 /* Debug */ = {
			isa = XCBuildConfiguration;
			baseConfigurationReference = 6587711E3A0E6C55A06ED1C2 /* Pods-JDXShop.debug.xcconfig */;
			buildSettings = {
				ASSETCATALOG_COMPILER_APPICON_NAME = AppIcon;
				CLANG_ENABLE_MODULES = YES;
				CODE_SIGN_STYLE = Automatic;
				DEVELOPMENT_TEAM = W2VWN2H4Z2;
				INFOPLIST_FILE = JDXShop/Info.plist;
				LD_RUNPATH_SEARCH_PATHS = (
					"$(inherited)",
					"@executable_path/Frameworks",
				);
				PRODUCT_BUNDLE_IDENTIFIER = com.MyCompany.JDXShop;
				PRODUCT_NAME = "$(TARGET_NAME)";
				SWIFT_OBJC_BRIDGING_HEADER = "JDXShop/JDXShop-Bridging-Header.h";
				SWIFT_OPTIMIZATION_LEVEL = "-Onone";
				SWIFT_VERSION = 4.0;
				TARGETED_DEVICE_FAMILY = "1,2";
			};
			name = Debug;
		};
		A0127247212AEE9800825DF5 /* Release */ = {
			isa = XCBuildConfiguration;
			baseConfigurationReference = 93FE2D4D132297BBBC0DE151 /* Pods-JDXShop.release.xcconfig */;
			buildSettings = {
				ASSETCATALOG_COMPILER_APPICON_NAME = AppIcon;
				CLANG_ENABLE_MODULES = YES;
				CODE_SIGN_STYLE = Automatic;
				DEVELOPMENT_TEAM = W2VWN2H4Z2;
				INFOPLIST_FILE = JDXShop/Info.plist;
				LD_RUNPATH_SEARCH_PATHS = (
					"$(inherited)",
					"@executable_path/Frameworks",
				);
				PRODUCT_BUNDLE_IDENTIFIER = com.MyCompany.JDXShop;
				PRODUCT_NAME = "$(TARGET_NAME)";
				SWIFT_OBJC_BRIDGING_HEADER = "JDXShop/JDXShop-Bridging-Header.h";
				SWIFT_VERSION = 4.0;
				TARGETED_DEVICE_FAMILY = "1,2";
			};
			name = Release;
		};
/* End XCBuildConfiguration section */

/* Begin XCConfigurationList section */
		A012722E212AEE9700825DF5 /* Build configuration list for PBXProject "JDXShop" */ = {
			isa = XCConfigurationList;
			buildConfigurations = (
				A0127243212AEE9800825DF5 /* Debug */,
				A0127244212AEE9800825DF5 /* Release */,
			);
			defaultConfigurationIsVisible = 0;
			defaultConfigurationName = Release;
		};
		A0127245212AEE9800825DF5 /* Build configuration list for PBXNativeTarget "JDXShop" */ = {
			isa = XCConfigurationList;
			buildConfigurations = (
				A0127246212AEE9800825DF5 /* Debug */,
				A0127247212AEE9800825DF5 /* Release */,
			);
			defaultConfigurationIsVisible = 0;
			defaultConfigurationName = Release;
		};
/* End XCConfigurationList section */
	};
	rootObject = A012722B212AEE9700825DF5 /* Project object */;
}
